// !$*UTF8*$!
{
	archiveVersion = 1;
	classes = {
	};
	objectVersion = 48;
	objects = {

/* Begin PBXBuildFile section */
		2E81B149883F5F5BCB3A182F /* Pods_Phase.framework in Frameworks */ = {isa = PBXBuildFile; fileRef = FE00CE277B7AB4A621DE7AA9 /* Pods_Phase.framework */; };
		8109356E2059BA5B00A95B30 /* LoginViewController.swift in Sources */ = {isa = PBXBuildFile; fileRef = 8109356D2059BA5B00A95B30 /* LoginViewController.swift */; };
		810935702059BA7600A95B30 /* CreateAccountViewController.swift in Sources */ = {isa = PBXBuildFile; fileRef = 8109356F2059BA7600A95B30 /* CreateAccountViewController.swift */; };
		810935722059BA8400A95B30 /* HomeViewController.swift in Sources */ = {isa = PBXBuildFile; fileRef = 810935712059BA8400A95B30 /* HomeViewController.swift */; };
		810935742059BAAC00A95B30 /* ActivityViewController.swift in Sources */ = {isa = PBXBuildFile; fileRef = 810935732059BAAC00A95B30 /* ActivityViewController.swift */; };
		810935762059BB0D00A95B30 /* FollowsViewController.swift in Sources */ = {isa = PBXBuildFile; fileRef = 810935752059BB0D00A95B30 /* FollowsViewController.swift */; };
		810935782059BB9200A95B30 /* EditProfileViewController.swift in Sources */ = {isa = PBXBuildFile; fileRef = 810935772059BB9200A95B30 /* EditProfileViewController.swift */; };
		8109357A2059BBD300A95B30 /* SearchViewController.swift in Sources */ = {isa = PBXBuildFile; fileRef = 810935792059BBD300A95B30 /* SearchViewController.swift */; };
		8109357C2059BBF600A95B30 /* CreateNewPostViewController.swift in Sources */ = {isa = PBXBuildFile; fileRef = 8109357B2059BBF600A95B30 /* CreateNewPostViewController.swift */; };
		810935842059BCDD00A95B30 /* ActivityView.swift in Sources */ = {isa = PBXBuildFile; fileRef = 810935832059BCDD00A95B30 /* ActivityView.swift */; };
		810935862059BCE800A95B30 /* FollowsView.swift in Sources */ = {isa = PBXBuildFile; fileRef = 810935852059BCE800A95B30 /* FollowsView.swift */; };
		810935882059BD2400A95B30 /* EditProfileView.swift in Sources */ = {isa = PBXBuildFile; fileRef = 810935872059BD2400A95B30 /* EditProfileView.swift */; };
		8109358A2059BD5800A95B30 /* SearchView.swift in Sources */ = {isa = PBXBuildFile; fileRef = 810935892059BD5800A95B30 /* SearchView.swift */; };
		810935C9205C452A00A95B30 /* ConfirmAccountViewController.swift in Sources */ = {isa = PBXBuildFile; fileRef = 810935C8205C452A00A95B30 /* ConfirmAccountViewController.swift */; };
		810935CB205C454000A95B30 /* ForgotPasswordViewController.swift in Sources */ = {isa = PBXBuildFile; fileRef = 810935CA205C454000A95B30 /* ForgotPasswordViewController.swift */; };
		810935CD205C454E00A95B30 /* ConfirmForgotPasswordViewController.swift in Sources */ = {isa = PBXBuildFile; fileRef = 810935CC205C454E00A95B30 /* ConfirmForgotPasswordViewController.swift */; };
		810935D0205C45D200A95B30 /* ConfirmAccountView.swift in Sources */ = {isa = PBXBuildFile; fileRef = 810935CF205C45D200A95B30 /* ConfirmAccountView.swift */; };
		810935D2205C45E000A95B30 /* ForgotPasswordView.swift in Sources */ = {isa = PBXBuildFile; fileRef = 810935D1205C45E000A95B30 /* ForgotPasswordView.swift */; };
		810935D4205C45F000A95B30 /* ConfirmForgotPasswordView.swift in Sources */ = {isa = PBXBuildFile; fileRef = 810935D3205C45F000A95B30 /* ConfirmForgotPasswordView.swift */; };
		810935D620600D6600A95B30 /* awsconfiguration.json in Resources */ = {isa = PBXBuildFile; fileRef = 810935D520600D6600A95B30 /* awsconfiguration.json */; };
		810935D8206010F600A95B30 /* AuthNavigationController.swift in Sources */ = {isa = PBXBuildFile; fileRef = 810935D7206010F600A95B30 /* AuthNavigationController.swift */; };
		810935DA2061503800A95B30 /* CognitoConstants.swift in Sources */ = {isa = PBXBuildFile; fileRef = 810935D92061503800A95B30 /* CognitoConstants.swift */; };
		8134CEFE205B72E000A146B1 /* HomeFeedCollectionViewCell.swift in Sources */ = {isa = PBXBuildFile; fileRef = 8134CEFD205B72E000A146B1 /* HomeFeedCollectionViewCell.swift */; };
		8134CF00205C47EB00A146B1 /* HomeFeed.storyboard in Resources */ = {isa = PBXBuildFile; fileRef = 8134CEFF205C47EB00A146B1 /* HomeFeed.storyboard */; };
		8134CF02205C4A4F00A146B1 /* HomeFeedCollectionViewCell.xib in Resources */ = {isa = PBXBuildFile; fileRef = 8134CF01205C4A4F00A146B1 /* HomeFeedCollectionViewCell.xib */; };
		8134CF0620615EE700A146B1 /* LoginView.swift in Sources */ = {isa = PBXBuildFile; fileRef = 8134CF0520615EE700A146B1 /* LoginView.swift */; };
		8134CF0820615EF200A146B1 /* CreateAccountView.swift in Sources */ = {isa = PBXBuildFile; fileRef = 8134CF0720615EF200A146B1 /* CreateAccountView.swift */; };
		8180F5A320634CF100859650 /* CameraView.swift in Sources */ = {isa = PBXBuildFile; fileRef = 81DD11C12061BC8A00A9AD1A /* CameraView.swift */; };
		81817A382064BADE00CA7044 /* OnboardingLoginViewController.swift in Sources */ = {isa = PBXBuildFile; fileRef = 81817A372064BADE00CA7044 /* OnboardingLoginViewController.swift */; };
		81817A4020655FE700CA7044 /* StringTrimExtension.swift in Sources */ = {isa = PBXBuildFile; fileRef = 81817A3B20655FE600CA7044 /* StringTrimExtension.swift */; };
		81817A4120655FE700CA7044 /* ActiveBuilder.swift in Sources */ = {isa = PBXBuildFile; fileRef = 81817A3C20655FE600CA7044 /* ActiveBuilder.swift */; };
		81817A4220655FE700CA7044 /* ActiveLabel.swift in Sources */ = {isa = PBXBuildFile; fileRef = 81817A3D20655FE600CA7044 /* ActiveLabel.swift */; };
		81817A4320655FE700CA7044 /* ActiveType.swift in Sources */ = {isa = PBXBuildFile; fileRef = 81817A3E20655FE700CA7044 /* ActiveType.swift */; };
		81817A4420655FE700CA7044 /* RegexParser.swift in Sources */ = {isa = PBXBuildFile; fileRef = 81817A3F20655FE700CA7044 /* RegexParser.swift */; };
		81AB8A96205AD42900A98AFB /* ProfileTableViewCell.swift in Sources */ = {isa = PBXBuildFile; fileRef = 81AB8A95205AD42900A98AFB /* ProfileTableViewCell.swift */; };
		81AB8A98205AEE3B00A98AFB /* TabsViewController.swift in Sources */ = {isa = PBXBuildFile; fileRef = 81AB8A97205AEE3B00A98AFB /* TabsViewController.swift */; };
		81AB8A9B205AF64800A98AFB /* Constants.swift in Sources */ = {isa = PBXBuildFile; fileRef = 81AB8A9A205AF64800A98AFB /* Constants.swift */; };
		81AB8AAA205AF6BE00A98AFB /* Array+Extensions.swift in Sources */ = {isa = PBXBuildFile; fileRef = 81AB8AA9205AF6BE00A98AFB /* Array+Extensions.swift */; };
		81AB8AAC205AF6F600A98AFB /* CALayer+Extensions.swift in Sources */ = {isa = PBXBuildFile; fileRef = 81AB8AAB205AF6F600A98AFB /* CALayer+Extensions.swift */; };
		81AB8AAE205AF72A00A98AFB /* UICollectionView+Extensions.swift in Sources */ = {isa = PBXBuildFile; fileRef = 81AB8AAD205AF72A00A98AFB /* UICollectionView+Extensions.swift */; };
		81AB8AB0205AF75D00A98AFB /* UIViewController+Extensions.swift in Sources */ = {isa = PBXBuildFile; fileRef = 81AB8AAF205AF75D00A98AFB /* UIViewController+Extensions.swift */; };
		81AB8AB2205AF77C00A98AFB /* UISearchBar+Extensions.swift in Sources */ = {isa = PBXBuildFile; fileRef = 81AB8AB1205AF77C00A98AFB /* UISearchBar+Extensions.swift */; };
		81AB8AB4205AF7AB00A98AFB /* UINavigationBar+Extensions.swift in Sources */ = {isa = PBXBuildFile; fileRef = 81AB8AB3205AF7AB00A98AFB /* UINavigationBar+Extensions.swift */; };
		81AB8AB7205AF8EA00A98AFB /* GridViewProtocol.swift in Sources */ = {isa = PBXBuildFile; fileRef = 81AB8AB6205AF8EA00A98AFB /* GridViewProtocol.swift */; };
		81AB8AB9205AF99100A98AFB /* CollectionViewLayout.swift in Sources */ = {isa = PBXBuildFile; fileRef = 81AB8AB8205AF99100A98AFB /* CollectionViewLayout.swift */; };
		81AB8ABB205AF9DD00A98AFB /* Column.swift in Sources */ = {isa = PBXBuildFile; fileRef = 81AB8ABA205AF9DD00A98AFB /* Column.swift */; };
		81AB8ABD205AFA1000A98AFB /* ColumnContainer.swift in Sources */ = {isa = PBXBuildFile; fileRef = 81AB8ABC205AFA1000A98AFB /* ColumnContainer.swift */; };
		81AB8ABF205AFA7C00A98AFB /* DB.swift in Sources */ = {isa = PBXBuildFile; fileRef = 81AB8ABE205AFA7C00A98AFB /* DB.swift */; };
		81AB8AC2205AFB0500A98AFB /* Animator.swift in Sources */ = {isa = PBXBuildFile; fileRef = 81AB8AC1205AFB0500A98AFB /* Animator.swift */; };
		81AB8AC4205AFB4200A98AFB /* AnimateDiscoverToDetailVC.swift in Sources */ = {isa = PBXBuildFile; fileRef = 81AB8AC3205AFB4200A98AFB /* AnimateDiscoverToDetailVC.swift */; };
		81AB8AC7205AFBD700A98AFB /* DiscoveryViewController.swift in Sources */ = {isa = PBXBuildFile; fileRef = 81AB8AC6205AFBD700A98AFB /* DiscoveryViewController.swift */; };
		81AB8ACA205AFC7A00A98AFB /* DiscoverCollectionViewCell.swift in Sources */ = {isa = PBXBuildFile; fileRef = 81AB8AC8205AFC7A00A98AFB /* DiscoverCollectionViewCell.swift */; };
		81AB8ACB205AFC7A00A98AFB /* DiscoverCollectionViewCell.xib in Resources */ = {isa = PBXBuildFile; fileRef = 81AB8AC9205AFC7A00A98AFB /* DiscoverCollectionViewCell.xib */; };
		81AB8ACD205AFD8C00A98AFB /* DetailViewController.swift in Sources */ = {isa = PBXBuildFile; fileRef = 81AB8ACC205AFD8C00A98AFB /* DetailViewController.swift */; };
		81AB8ACF205AFDBF00A98AFB /* DetailNavigationViewController.swift in Sources */ = {isa = PBXBuildFile; fileRef = 81AB8ACE205AFDBF00A98AFB /* DetailNavigationViewController.swift */; };
		81C1F86D2060ABAE0037BF42 /* UIFont+ExampleFonts.swift in Sources */ = {isa = PBXBuildFile; fileRef = 81C1F8692060ABAD0037BF42 /* UIFont+ExampleFonts.swift */; };
		81C1F86E2060ABAE0037BF42 /* UIColor+RGB.swift in Sources */ = {isa = PBXBuildFile; fileRef = 81C1F86A2060ABAD0037BF42 /* UIColor+RGB.swift */; };
		81C1F86F2060ABAE0037BF42 /* SegmentioBuilder.swift in Sources */ = {isa = PBXBuildFile; fileRef = 81C1F86B2060ABAE0037BF42 /* SegmentioBuilder.swift */; };
		81C1F8702060ABAE0037BF42 /* ColorPalette.swift in Sources */ = {isa = PBXBuildFile; fileRef = 81C1F86C2060ABAE0037BF42 /* ColorPalette.swift */; };
		81C1F8762060AC240037BF42 /* JourneyTableViewCell.swift in Sources */ = {isa = PBXBuildFile; fileRef = 81C1F8722060AC240037BF42 /* JourneyTableViewCell.swift */; };
		81C1F8772060AC240037BF42 /* MozaikCollectionViewCell.swift in Sources */ = {isa = PBXBuildFile; fileRef = 81C1F8732060AC240037BF42 /* MozaikCollectionViewCell.swift */; };
		81C1F8782060AC240037BF42 /* MozaikCollectionViewCell.xib in Resources */ = {isa = PBXBuildFile; fileRef = 81C1F8742060AC240037BF42 /* MozaikCollectionViewCell.xib */; };
		81C1F8792060AC240037BF42 /* JourneyTableViewCell.xib in Resources */ = {isa = PBXBuildFile; fileRef = 81C1F8752060AC240037BF42 /* JourneyTableViewCell.xib */; };
		81C1F87D2060AC410037BF42 /* DiscoverDetail.storyboard in Resources */ = {isa = PBXBuildFile; fileRef = 81C1F87A2060AC410037BF42 /* DiscoverDetail.storyboard */; };
		81C1F87E2060AC410037BF42 /* Discover.storyboard in Resources */ = {isa = PBXBuildFile; fileRef = 81C1F87B2060AC410037BF42 /* Discover.storyboard */; };
		81C1F87F2060AC410037BF42 /* Main.storyboard in Resources */ = {isa = PBXBuildFile; fileRef = 81C1F87C2060AC410037BF42 /* Main.storyboard */; };
		81C279CF20616D3900DB1825 /* DiscoveryNavViewController.swift in Sources */ = {isa = PBXBuildFile; fileRef = 81C279CE20616D3900DB1825 /* DiscoveryNavViewController.swift */; };
		81C279D32061933300DB1825 /* CameraViewController.swift in Sources */ = {isa = PBXBuildFile; fileRef = 81C279D02061933300DB1825 /* CameraViewController.swift */; };
		81C279D8206193E200DB1825 /* CapturedImageView.swift in Sources */ = {isa = PBXBuildFile; fileRef = 81C279D6206193E200DB1825 /* CapturedImageView.swift */; };
		81C279DA206193ED00DB1825 /* CreateNewPostView.swift in Sources */ = {isa = PBXBuildFile; fileRef = 8109358B2059BD6500A95B30 /* CreateNewPostView.swift */; };
		81C279DC2061F74B00DB1825 /* Login.storyboard in Resources */ = {isa = PBXBuildFile; fileRef = 81C279DB2061F74B00DB1825 /* Login.storyboard */; };
		81C9EE152058795200C27016 /* AppDelegate.swift in Sources */ = {isa = PBXBuildFile; fileRef = 81C9EE142058795200C27016 /* AppDelegate.swift */; };
		81C9EE1C2058795200C27016 /* Assets.xcassets in Resources */ = {isa = PBXBuildFile; fileRef = 81C9EE1B2058795200C27016 /* Assets.xcassets */; };
		81C9EE1F2058795200C27016 /* LaunchScreen.storyboard in Resources */ = {isa = PBXBuildFile; fileRef = 81C9EE1D2058795200C27016 /* LaunchScreen.storyboard */; };
		81C9EE2A2058795300C27016 /* PhaseTests.swift in Sources */ = {isa = PBXBuildFile; fileRef = 81C9EE292058795300C27016 /* PhaseTests.swift */; };
		81C9EE352058795300C27016 /* PhaseUITests.swift in Sources */ = {isa = PBXBuildFile; fileRef = 81C9EE342058795300C27016 /* PhaseUITests.swift */; };
		81CA1BCB206356A900EF7B8E /* Date+TimeAgoDisplay.swift in Sources */ = {isa = PBXBuildFile; fileRef = 81CA1BCA206356A900EF7B8E /* Date+TimeAgoDisplay.swift */; };
		81CA1BCD206423F600EF7B8E /* CacheService.swift in Sources */ = {isa = PBXBuildFile; fileRef = 81CA1BCC206423F600EF7B8E /* CacheService.swift */; };
		81CA1BE3206442C100EF7B8E /* TopViewController.swift in Sources */ = {isa = PBXBuildFile; fileRef = 81CA1BE2206442C100EF7B8E /* TopViewController.swift */; };
		81CA1BE5206442E600EF7B8E /* SearchVCs.storyboard in Resources */ = {isa = PBXBuildFile; fileRef = 81CA1BE4206442E600EF7B8E /* SearchVCs.storyboard */; };
		81CA1BE72064432600EF7B8E /* PeopleViewController.swift in Sources */ = {isa = PBXBuildFile; fileRef = 81CA1BE62064432600EF7B8E /* PeopleViewController.swift */; };
		81CA1BE92064435600EF7B8E /* JourneyViewController.swift in Sources */ = {isa = PBXBuildFile; fileRef = 81CA1BE82064435600EF7B8E /* JourneyViewController.swift */; };
		81CFD3F62058824700DDD630 /* Models.swift in Sources */ = {isa = PBXBuildFile; fileRef = 81CFD3F52058824700DDD630 /* Models.swift */; };
		81DC9F022058B210005F2724 /* ProfileViewController.swift in Sources */ = {isa = PBXBuildFile; fileRef = 81DC9F012058B210005F2724 /* ProfileViewController.swift */; };
		81DD11BE2061BC4100A9AD1A /* CameraPreviewViewController.swift in Sources */ = {isa = PBXBuildFile; fileRef = 81DD11BD2061BC4100A9AD1A /* CameraPreviewViewController.swift */; };
		8791270B206341BC00888326 /* ActivityCarouselViewController.swift in Sources */ = {isa = PBXBuildFile; fileRef = 8791270A206341BC00888326 /* ActivityCarouselViewController.swift */; };
		8791DFDB2060171F00337CA3 /* FollowersView.swift in Sources */ = {isa = PBXBuildFile; fileRef = 8791DFDA2060171F00337CA3 /* FollowersView.swift */; };
		C6B46A8543265BAEF66E0411 /* Pods_PhaseTests.framework in Frameworks */ = {isa = PBXBuildFile; fileRef = 2E71635C053C1F5A36A0E3E9 /* Pods_PhaseTests.framework */; };
		EAB9DF6080B0DDD7A709CE05 /* Pods_PhaseUITests.framework in Frameworks */ = {isa = PBXBuildFile; fileRef = 77732BF92135231E852C350B /* Pods_PhaseUITests.framework */; };
		F48DA6BD20588ACD006E4FFC /* User.swift in Sources */ = {isa = PBXBuildFile; fileRef = F48DA6BC20588ACD006E4FFC /* User.swift */; };
		F48DA6BF20588F17006E4FFC /* Post.swift in Sources */ = {isa = PBXBuildFile; fileRef = F48DA6BE20588F17006E4FFC /* Post.swift */; };
		F48DA6C120589024006E4FFC /* Comment.swift in Sources */ = {isa = PBXBuildFile; fileRef = F48DA6C020589024006E4FFC /* Comment.swift */; };
		F4D34A7A205C482C00F4D50D /* ActivityCollectionViewCell.swift in Sources */ = {isa = PBXBuildFile; fileRef = F4D34A79205C482C00F4D50D /* ActivityCollectionViewCell.swift */; };
/* End PBXBuildFile section */

/* Begin PBXContainerItemProxy section */
		81C9EE262058795300C27016 /* PBXContainerItemProxy */ = {
			isa = PBXContainerItemProxy;
			containerPortal = 81C9EE092058795200C27016 /* Project object */;
			proxyType = 1;
			remoteGlobalIDString = 81C9EE102058795200C27016;
			remoteInfo = Phase;
		};
		81C9EE312058795300C27016 /* PBXContainerItemProxy */ = {
			isa = PBXContainerItemProxy;
			containerPortal = 81C9EE092058795200C27016 /* Project object */;
			proxyType = 1;
			remoteGlobalIDString = 81C9EE102058795200C27016;
			remoteInfo = Phase;
		};
/* End PBXContainerItemProxy section */

/* Begin PBXFileReference section */
		2E71635C053C1F5A36A0E3E9 /* Pods_PhaseTests.framework */ = {isa = PBXFileReference; explicitFileType = wrapper.framework; includeInIndex = 0; path = Pods_PhaseTests.framework; sourceTree = BUILT_PRODUCTS_DIR; };
		605B3EA013314F78CA5F88DA /* Pods-Phase.debug.xcconfig */ = {isa = PBXFileReference; includeInIndex = 1; lastKnownFileType = text.xcconfig; name = "Pods-Phase.debug.xcconfig"; path = "Pods/Target Support Files/Pods-Phase/Pods-Phase.debug.xcconfig"; sourceTree = "<group>"; };
		77732BF92135231E852C350B /* Pods_PhaseUITests.framework */ = {isa = PBXFileReference; explicitFileType = wrapper.framework; includeInIndex = 0; path = Pods_PhaseUITests.framework; sourceTree = BUILT_PRODUCTS_DIR; };
		8109356D2059BA5B00A95B30 /* LoginViewController.swift */ = {isa = PBXFileReference; lastKnownFileType = sourcecode.swift; path = LoginViewController.swift; sourceTree = "<group>"; };
		8109356F2059BA7600A95B30 /* CreateAccountViewController.swift */ = {isa = PBXFileReference; lastKnownFileType = sourcecode.swift; path = CreateAccountViewController.swift; sourceTree = "<group>"; };
		810935712059BA8400A95B30 /* HomeViewController.swift */ = {isa = PBXFileReference; lastKnownFileType = sourcecode.swift; path = HomeViewController.swift; sourceTree = "<group>"; };
		810935732059BAAC00A95B30 /* ActivityViewController.swift */ = {isa = PBXFileReference; lastKnownFileType = sourcecode.swift; path = ActivityViewController.swift; sourceTree = "<group>"; };
		810935752059BB0D00A95B30 /* FollowsViewController.swift */ = {isa = PBXFileReference; lastKnownFileType = sourcecode.swift; path = FollowsViewController.swift; sourceTree = "<group>"; };
		810935772059BB9200A95B30 /* EditProfileViewController.swift */ = {isa = PBXFileReference; lastKnownFileType = sourcecode.swift; path = EditProfileViewController.swift; sourceTree = "<group>"; };
		810935792059BBD300A95B30 /* SearchViewController.swift */ = {isa = PBXFileReference; lastKnownFileType = sourcecode.swift; path = SearchViewController.swift; sourceTree = "<group>"; };
		8109357B2059BBF600A95B30 /* CreateNewPostViewController.swift */ = {isa = PBXFileReference; lastKnownFileType = sourcecode.swift; path = CreateNewPostViewController.swift; sourceTree = "<group>"; };
		810935832059BCDD00A95B30 /* ActivityView.swift */ = {isa = PBXFileReference; lastKnownFileType = sourcecode.swift; path = ActivityView.swift; sourceTree = "<group>"; };
		810935852059BCE800A95B30 /* FollowsView.swift */ = {isa = PBXFileReference; lastKnownFileType = sourcecode.swift; path = FollowsView.swift; sourceTree = "<group>"; };
		810935872059BD2400A95B30 /* EditProfileView.swift */ = {isa = PBXFileReference; lastKnownFileType = sourcecode.swift; path = EditProfileView.swift; sourceTree = "<group>"; };
		810935892059BD5800A95B30 /* SearchView.swift */ = {isa = PBXFileReference; lastKnownFileType = sourcecode.swift; path = SearchView.swift; sourceTree = "<group>"; };
		8109358B2059BD6500A95B30 /* CreateNewPostView.swift */ = {isa = PBXFileReference; lastKnownFileType = sourcecode.swift; path = CreateNewPostView.swift; sourceTree = "<group>"; };
		810935C8205C452A00A95B30 /* ConfirmAccountViewController.swift */ = {isa = PBXFileReference; lastKnownFileType = sourcecode.swift; path = ConfirmAccountViewController.swift; sourceTree = "<group>"; };
		810935CA205C454000A95B30 /* ForgotPasswordViewController.swift */ = {isa = PBXFileReference; lastKnownFileType = sourcecode.swift; path = ForgotPasswordViewController.swift; sourceTree = "<group>"; };
		810935CC205C454E00A95B30 /* ConfirmForgotPasswordViewController.swift */ = {isa = PBXFileReference; lastKnownFileType = sourcecode.swift; path = ConfirmForgotPasswordViewController.swift; sourceTree = "<group>"; };
		810935CF205C45D200A95B30 /* ConfirmAccountView.swift */ = {isa = PBXFileReference; lastKnownFileType = sourcecode.swift; path = ConfirmAccountView.swift; sourceTree = "<group>"; };
		810935D1205C45E000A95B30 /* ForgotPasswordView.swift */ = {isa = PBXFileReference; lastKnownFileType = sourcecode.swift; path = ForgotPasswordView.swift; sourceTree = "<group>"; };
		810935D3205C45F000A95B30 /* ConfirmForgotPasswordView.swift */ = {isa = PBXFileReference; lastKnownFileType = sourcecode.swift; path = ConfirmForgotPasswordView.swift; sourceTree = "<group>"; };
		810935D520600D6600A95B30 /* awsconfiguration.json */ = {isa = PBXFileReference; fileEncoding = 4; lastKnownFileType = text.json; path = awsconfiguration.json; sourceTree = "<group>"; };
		810935D7206010F600A95B30 /* AuthNavigationController.swift */ = {isa = PBXFileReference; lastKnownFileType = sourcecode.swift; path = AuthNavigationController.swift; sourceTree = "<group>"; };
		810935D92061503800A95B30 /* CognitoConstants.swift */ = {isa = PBXFileReference; lastKnownFileType = sourcecode.swift; path = CognitoConstants.swift; sourceTree = "<group>"; };
		8134CEFD205B72E000A146B1 /* HomeFeedCollectionViewCell.swift */ = {isa = PBXFileReference; lastKnownFileType = sourcecode.swift; path = HomeFeedCollectionViewCell.swift; sourceTree = "<group>"; };
		8134CEFF205C47EB00A146B1 /* HomeFeed.storyboard */ = {isa = PBXFileReference; lastKnownFileType = file.storyboard; path = HomeFeed.storyboard; sourceTree = "<group>"; };
		8134CF01205C4A4F00A146B1 /* HomeFeedCollectionViewCell.xib */ = {isa = PBXFileReference; lastKnownFileType = file.xib; path = HomeFeedCollectionViewCell.xib; sourceTree = "<group>"; };
		8134CF0520615EE700A146B1 /* LoginView.swift */ = {isa = PBXFileReference; fileEncoding = 4; lastKnownFileType = sourcecode.swift; name = LoginView.swift; path = Auth/LoginView.swift; sourceTree = "<group>"; };
		8134CF0720615EF200A146B1 /* CreateAccountView.swift */ = {isa = PBXFileReference; fileEncoding = 4; lastKnownFileType = sourcecode.swift; name = CreateAccountView.swift; path = Auth/CreateAccountView.swift; sourceTree = "<group>"; };
		81817A372064BADE00CA7044 /* OnboardingLoginViewController.swift */ = {isa = PBXFileReference; lastKnownFileType = sourcecode.swift; path = OnboardingLoginViewController.swift; sourceTree = "<group>"; };
		81817A3A20655FE600CA7044 /* ActiveLabel.h */ = {isa = PBXFileReference; fileEncoding = 4; lastKnownFileType = sourcecode.c.h; path = ActiveLabel.h; sourceTree = "<group>"; };
		81817A3B20655FE600CA7044 /* StringTrimExtension.swift */ = {isa = PBXFileReference; fileEncoding = 4; lastKnownFileType = sourcecode.swift; path = StringTrimExtension.swift; sourceTree = "<group>"; };
		81817A3C20655FE600CA7044 /* ActiveBuilder.swift */ = {isa = PBXFileReference; fileEncoding = 4; lastKnownFileType = sourcecode.swift; path = ActiveBuilder.swift; sourceTree = "<group>"; };
		81817A3D20655FE600CA7044 /* ActiveLabel.swift */ = {isa = PBXFileReference; fileEncoding = 4; lastKnownFileType = sourcecode.swift; path = ActiveLabel.swift; sourceTree = "<group>"; };
		81817A3E20655FE700CA7044 /* ActiveType.swift */ = {isa = PBXFileReference; fileEncoding = 4; lastKnownFileType = sourcecode.swift; path = ActiveType.swift; sourceTree = "<group>"; };
		81817A3F20655FE700CA7044 /* RegexParser.swift */ = {isa = PBXFileReference; fileEncoding = 4; lastKnownFileType = sourcecode.swift; path = RegexParser.swift; sourceTree = "<group>"; };
		81AB8A95205AD42900A98AFB /* ProfileTableViewCell.swift */ = {isa = PBXFileReference; lastKnownFileType = sourcecode.swift; path = ProfileTableViewCell.swift; sourceTree = "<group>"; };
		81AB8A97205AEE3B00A98AFB /* TabsViewController.swift */ = {isa = PBXFileReference; lastKnownFileType = sourcecode.swift; path = TabsViewController.swift; sourceTree = "<group>"; };
		81AB8A9A205AF64800A98AFB /* Constants.swift */ = {isa = PBXFileReference; lastKnownFileType = sourcecode.swift; path = Constants.swift; sourceTree = "<group>"; };
		81AB8AA9205AF6BE00A98AFB /* Array+Extensions.swift */ = {isa = PBXFileReference; lastKnownFileType = sourcecode.swift; path = "Array+Extensions.swift"; sourceTree = "<group>"; };
		81AB8AAB205AF6F600A98AFB /* CALayer+Extensions.swift */ = {isa = PBXFileReference; lastKnownFileType = sourcecode.swift; path = "CALayer+Extensions.swift"; sourceTree = "<group>"; };
		81AB8AAD205AF72A00A98AFB /* UICollectionView+Extensions.swift */ = {isa = PBXFileReference; lastKnownFileType = sourcecode.swift; path = "UICollectionView+Extensions.swift"; sourceTree = "<group>"; };
		81AB8AAF205AF75D00A98AFB /* UIViewController+Extensions.swift */ = {isa = PBXFileReference; lastKnownFileType = sourcecode.swift; path = "UIViewController+Extensions.swift"; sourceTree = "<group>"; };
		81AB8AB1205AF77C00A98AFB /* UISearchBar+Extensions.swift */ = {isa = PBXFileReference; lastKnownFileType = sourcecode.swift; path = "UISearchBar+Extensions.swift"; sourceTree = "<group>"; };
		81AB8AB3205AF7AB00A98AFB /* UINavigationBar+Extensions.swift */ = {isa = PBXFileReference; lastKnownFileType = sourcecode.swift; path = "UINavigationBar+Extensions.swift"; sourceTree = "<group>"; };
		81AB8AB6205AF8EA00A98AFB /* GridViewProtocol.swift */ = {isa = PBXFileReference; lastKnownFileType = sourcecode.swift; path = GridViewProtocol.swift; sourceTree = "<group>"; };
		81AB8AB8205AF99100A98AFB /* CollectionViewLayout.swift */ = {isa = PBXFileReference; lastKnownFileType = sourcecode.swift; path = CollectionViewLayout.swift; sourceTree = "<group>"; };
		81AB8ABA205AF9DD00A98AFB /* Column.swift */ = {isa = PBXFileReference; lastKnownFileType = sourcecode.swift; path = Column.swift; sourceTree = "<group>"; };
		81AB8ABC205AFA1000A98AFB /* ColumnContainer.swift */ = {isa = PBXFileReference; lastKnownFileType = sourcecode.swift; path = ColumnContainer.swift; sourceTree = "<group>"; };
		81AB8ABE205AFA7C00A98AFB /* DB.swift */ = {isa = PBXFileReference; lastKnownFileType = sourcecode.swift; path = DB.swift; sourceTree = "<group>"; };
		81AB8AC1205AFB0500A98AFB /* Animator.swift */ = {isa = PBXFileReference; lastKnownFileType = sourcecode.swift; path = Animator.swift; sourceTree = "<group>"; };
		81AB8AC3205AFB4200A98AFB /* AnimateDiscoverToDetailVC.swift */ = {isa = PBXFileReference; lastKnownFileType = sourcecode.swift; path = AnimateDiscoverToDetailVC.swift; sourceTree = "<group>"; };
		81AB8AC6205AFBD700A98AFB /* DiscoveryViewController.swift */ = {isa = PBXFileReference; lastKnownFileType = sourcecode.swift; path = DiscoveryViewController.swift; sourceTree = "<group>"; };
		81AB8AC8205AFC7A00A98AFB /* DiscoverCollectionViewCell.swift */ = {isa = PBXFileReference; lastKnownFileType = sourcecode.swift; path = DiscoverCollectionViewCell.swift; sourceTree = "<group>"; };
		81AB8AC9205AFC7A00A98AFB /* DiscoverCollectionViewCell.xib */ = {isa = PBXFileReference; lastKnownFileType = file.xib; path = DiscoverCollectionViewCell.xib; sourceTree = "<group>"; };
		81AB8ACC205AFD8C00A98AFB /* DetailViewController.swift */ = {isa = PBXFileReference; lastKnownFileType = sourcecode.swift; path = DetailViewController.swift; sourceTree = "<group>"; };
		81AB8ACE205AFDBF00A98AFB /* DetailNavigationViewController.swift */ = {isa = PBXFileReference; lastKnownFileType = sourcecode.swift; path = DetailNavigationViewController.swift; sourceTree = "<group>"; };
		81C1F8692060ABAD0037BF42 /* UIFont+ExampleFonts.swift */ = {isa = PBXFileReference; fileEncoding = 4; lastKnownFileType = sourcecode.swift; path = "UIFont+ExampleFonts.swift"; sourceTree = "<group>"; };
		81C1F86A2060ABAD0037BF42 /* UIColor+RGB.swift */ = {isa = PBXFileReference; fileEncoding = 4; lastKnownFileType = sourcecode.swift; path = "UIColor+RGB.swift"; sourceTree = "<group>"; };
		81C1F86B2060ABAE0037BF42 /* SegmentioBuilder.swift */ = {isa = PBXFileReference; fileEncoding = 4; lastKnownFileType = sourcecode.swift; path = SegmentioBuilder.swift; sourceTree = "<group>"; };
		81C1F86C2060ABAE0037BF42 /* ColorPalette.swift */ = {isa = PBXFileReference; fileEncoding = 4; lastKnownFileType = sourcecode.swift; path = ColorPalette.swift; sourceTree = "<group>"; };
		81C1F8722060AC240037BF42 /* JourneyTableViewCell.swift */ = {isa = PBXFileReference; fileEncoding = 4; lastKnownFileType = sourcecode.swift; path = JourneyTableViewCell.swift; sourceTree = "<group>"; };
		81C1F8732060AC240037BF42 /* MozaikCollectionViewCell.swift */ = {isa = PBXFileReference; fileEncoding = 4; lastKnownFileType = sourcecode.swift; path = MozaikCollectionViewCell.swift; sourceTree = "<group>"; };
		81C1F8742060AC240037BF42 /* MozaikCollectionViewCell.xib */ = {isa = PBXFileReference; fileEncoding = 4; lastKnownFileType = file.xib; path = MozaikCollectionViewCell.xib; sourceTree = "<group>"; };
		81C1F8752060AC240037BF42 /* JourneyTableViewCell.xib */ = {isa = PBXFileReference; fileEncoding = 4; lastKnownFileType = file.xib; path = JourneyTableViewCell.xib; sourceTree = "<group>"; };
		81C1F87A2060AC410037BF42 /* DiscoverDetail.storyboard */ = {isa = PBXFileReference; fileEncoding = 4; lastKnownFileType = file.storyboard; path = DiscoverDetail.storyboard; sourceTree = "<group>"; };
		81C1F87B2060AC410037BF42 /* Discover.storyboard */ = {isa = PBXFileReference; fileEncoding = 4; lastKnownFileType = file.storyboard; path = Discover.storyboard; sourceTree = "<group>"; };
		81C1F87C2060AC410037BF42 /* Main.storyboard */ = {isa = PBXFileReference; fileEncoding = 4; lastKnownFileType = file.storyboard; path = Main.storyboard; sourceTree = "<group>"; };
		81C279CE20616D3900DB1825 /* DiscoveryNavViewController.swift */ = {isa = PBXFileReference; lastKnownFileType = sourcecode.swift; path = DiscoveryNavViewController.swift; sourceTree = "<group>"; };
		81C279D02061933300DB1825 /* CameraViewController.swift */ = {isa = PBXFileReference; fileEncoding = 4; lastKnownFileType = sourcecode.swift; name = CameraViewController.swift; path = Phase/ViewControllers/CameraViewController.swift; sourceTree = SOURCE_ROOT; };
		81C279D6206193E200DB1825 /* CapturedImageView.swift */ = {isa = PBXFileReference; fileEncoding = 4; lastKnownFileType = sourcecode.swift; path = CapturedImageView.swift; sourceTree = "<group>"; };
		81C279DB2061F74B00DB1825 /* Login.storyboard */ = {isa = PBXFileReference; lastKnownFileType = file.storyboard; path = Login.storyboard; sourceTree = "<group>"; };
		81C9EE112058795200C27016 /* Phase.app */ = {isa = PBXFileReference; explicitFileType = wrapper.application; includeInIndex = 0; path = Phase.app; sourceTree = BUILT_PRODUCTS_DIR; };
		81C9EE142058795200C27016 /* AppDelegate.swift */ = {isa = PBXFileReference; lastKnownFileType = sourcecode.swift; path = AppDelegate.swift; sourceTree = "<group>"; };
		81C9EE1B2058795200C27016 /* Assets.xcassets */ = {isa = PBXFileReference; lastKnownFileType = folder.assetcatalog; path = Assets.xcassets; sourceTree = "<group>"; };
		81C9EE1E2058795200C27016 /* Base */ = {isa = PBXFileReference; lastKnownFileType = file.storyboard; name = Base; path = Base.lproj/LaunchScreen.storyboard; sourceTree = "<group>"; };
		81C9EE202058795200C27016 /* Info.plist */ = {isa = PBXFileReference; lastKnownFileType = text.plist.xml; path = Info.plist; sourceTree = "<group>"; };
		81C9EE252058795300C27016 /* PhaseTests.xctest */ = {isa = PBXFileReference; explicitFileType = wrapper.cfbundle; includeInIndex = 0; path = PhaseTests.xctest; sourceTree = BUILT_PRODUCTS_DIR; };
		81C9EE292058795300C27016 /* PhaseTests.swift */ = {isa = PBXFileReference; lastKnownFileType = sourcecode.swift; path = PhaseTests.swift; sourceTree = "<group>"; };
		81C9EE2B2058795300C27016 /* Info.plist */ = {isa = PBXFileReference; lastKnownFileType = text.plist.xml; path = Info.plist; sourceTree = "<group>"; };
		81C9EE302058795300C27016 /* PhaseUITests.xctest */ = {isa = PBXFileReference; explicitFileType = wrapper.cfbundle; includeInIndex = 0; path = PhaseUITests.xctest; sourceTree = BUILT_PRODUCTS_DIR; };
		81C9EE342058795300C27016 /* PhaseUITests.swift */ = {isa = PBXFileReference; lastKnownFileType = sourcecode.swift; path = PhaseUITests.swift; sourceTree = "<group>"; };
		81C9EE362058795300C27016 /* Info.plist */ = {isa = PBXFileReference; lastKnownFileType = text.plist.xml; path = Info.plist; sourceTree = "<group>"; };
		81CA1BCA206356A900EF7B8E /* Date+TimeAgoDisplay.swift */ = {isa = PBXFileReference; lastKnownFileType = sourcecode.swift; path = "Date+TimeAgoDisplay.swift"; sourceTree = "<group>"; };
		81CA1BCC206423F600EF7B8E /* CacheService.swift */ = {isa = PBXFileReference; lastKnownFileType = sourcecode.swift; path = CacheService.swift; sourceTree = "<group>"; };
		81CA1BE2206442C100EF7B8E /* TopViewController.swift */ = {isa = PBXFileReference; lastKnownFileType = sourcecode.swift; path = TopViewController.swift; sourceTree = "<group>"; };
		81CA1BE4206442E600EF7B8E /* SearchVCs.storyboard */ = {isa = PBXFileReference; lastKnownFileType = file.storyboard; path = SearchVCs.storyboard; sourceTree = "<group>"; };
		81CA1BE62064432600EF7B8E /* PeopleViewController.swift */ = {isa = PBXFileReference; lastKnownFileType = sourcecode.swift; path = PeopleViewController.swift; sourceTree = "<group>"; };
		81CA1BE82064435600EF7B8E /* JourneyViewController.swift */ = {isa = PBXFileReference; lastKnownFileType = sourcecode.swift; path = JourneyViewController.swift; sourceTree = "<group>"; };
		81CFD3F52058824700DDD630 /* Models.swift */ = {isa = PBXFileReference; lastKnownFileType = sourcecode.swift; path = Models.swift; sourceTree = "<group>"; };
		81DC9F012058B210005F2724 /* ProfileViewController.swift */ = {isa = PBXFileReference; lastKnownFileType = sourcecode.swift; path = ProfileViewController.swift; sourceTree = "<group>"; };
		81DD11BD2061BC4100A9AD1A /* CameraPreviewViewController.swift */ = {isa = PBXFileReference; fileEncoding = 4; lastKnownFileType = sourcecode.swift; name = CameraPreviewViewController.swift; path = Phase/ViewControllers/CameraPreviewViewController.swift; sourceTree = SOURCE_ROOT; };
		81DD11C12061BC8A00A9AD1A /* CameraView.swift */ = {isa = PBXFileReference; fileEncoding = 4; lastKnownFileType = sourcecode.swift; path = CameraView.swift; sourceTree = "<group>"; };
		8791270A206341BC00888326 /* ActivityCarouselViewController.swift */ = {isa = PBXFileReference; lastKnownFileType = sourcecode.swift; path = ActivityCarouselViewController.swift; sourceTree = "<group>"; };
		8791DFDA2060171F00337CA3 /* FollowersView.swift */ = {isa = PBXFileReference; lastKnownFileType = sourcecode.swift; path = FollowersView.swift; sourceTree = "<group>"; };
		9E534A5BA8A8AA1BD6106D54 /* Pods-PhaseTests.debug.xcconfig */ = {isa = PBXFileReference; includeInIndex = 1; lastKnownFileType = text.xcconfig; name = "Pods-PhaseTests.debug.xcconfig"; path = "Pods/Target Support Files/Pods-PhaseTests/Pods-PhaseTests.debug.xcconfig"; sourceTree = "<group>"; };
		B9EA73BB8347138AE4D02088 /* Pods-PhaseUITests.debug.xcconfig */ = {isa = PBXFileReference; includeInIndex = 1; lastKnownFileType = text.xcconfig; name = "Pods-PhaseUITests.debug.xcconfig"; path = "Pods/Target Support Files/Pods-PhaseUITests/Pods-PhaseUITests.debug.xcconfig"; sourceTree = "<group>"; };
		CDBD6CF13FB8FF84C3DB0F83 /* Pods-PhaseUITests.release.xcconfig */ = {isa = PBXFileReference; includeInIndex = 1; lastKnownFileType = text.xcconfig; name = "Pods-PhaseUITests.release.xcconfig"; path = "Pods/Target Support Files/Pods-PhaseUITests/Pods-PhaseUITests.release.xcconfig"; sourceTree = "<group>"; };
		DEE8D0B9C3C33D7DFA205C39 /* Pods-PhaseTests.release.xcconfig */ = {isa = PBXFileReference; includeInIndex = 1; lastKnownFileType = text.xcconfig; name = "Pods-PhaseTests.release.xcconfig"; path = "Pods/Target Support Files/Pods-PhaseTests/Pods-PhaseTests.release.xcconfig"; sourceTree = "<group>"; };
		F48DA6BC20588ACD006E4FFC /* User.swift */ = {isa = PBXFileReference; lastKnownFileType = sourcecode.swift; path = User.swift; sourceTree = "<group>"; };
		F48DA6BE20588F17006E4FFC /* Post.swift */ = {isa = PBXFileReference; lastKnownFileType = sourcecode.swift; path = Post.swift; sourceTree = "<group>"; };
		F48DA6C020589024006E4FFC /* Comment.swift */ = {isa = PBXFileReference; lastKnownFileType = sourcecode.swift; path = Comment.swift; sourceTree = "<group>"; };
		F4D34A79205C482C00F4D50D /* ActivityCollectionViewCell.swift */ = {isa = PBXFileReference; lastKnownFileType = sourcecode.swift; path = ActivityCollectionViewCell.swift; sourceTree = "<group>"; };
		FB898E9F3A3E362DE3BD876E /* Pods-Phase.release.xcconfig */ = {isa = PBXFileReference; includeInIndex = 1; lastKnownFileType = text.xcconfig; name = "Pods-Phase.release.xcconfig"; path = "Pods/Target Support Files/Pods-Phase/Pods-Phase.release.xcconfig"; sourceTree = "<group>"; };
		FE00CE277B7AB4A621DE7AA9 /* Pods_Phase.framework */ = {isa = PBXFileReference; explicitFileType = wrapper.framework; includeInIndex = 0; path = Pods_Phase.framework; sourceTree = BUILT_PRODUCTS_DIR; };
/* End PBXFileReference section */

/* Begin PBXFrameworksBuildPhase section */
		81C9EE0E2058795200C27016 /* Frameworks */ = {
			isa = PBXFrameworksBuildPhase;
			buildActionMask = 2147483647;
			files = (
				2E81B149883F5F5BCB3A182F /* Pods_Phase.framework in Frameworks */,
			);
			runOnlyForDeploymentPostprocessing = 0;
		};
		81C9EE222058795300C27016 /* Frameworks */ = {
			isa = PBXFrameworksBuildPhase;
			buildActionMask = 2147483647;
			files = (
				C6B46A8543265BAEF66E0411 /* Pods_PhaseTests.framework in Frameworks */,
			);
			runOnlyForDeploymentPostprocessing = 0;
		};
		81C9EE2D2058795300C27016 /* Frameworks */ = {
			isa = PBXFrameworksBuildPhase;
			buildActionMask = 2147483647;
			files = (
				EAB9DF6080B0DDD7A709CE05 /* Pods_PhaseUITests.framework in Frameworks */,
			);
			runOnlyForDeploymentPostprocessing = 0;
		};
/* End PBXFrameworksBuildPhase section */

/* Begin PBXGroup section */
		655AA8EED176FDEA29B2AF79 /* Frameworks */ = {
			isa = PBXGroup;
			children = (
				FE00CE277B7AB4A621DE7AA9 /* Pods_Phase.framework */,
				2E71635C053C1F5A36A0E3E9 /* Pods_PhaseTests.framework */,
				77732BF92135231E852C350B /* Pods_PhaseUITests.framework */,
			);
			name = Frameworks;
			sourceTree = "<group>";
		};
		810935C7205C436300A95B30 /* Auth */ = {
			isa = PBXGroup;
			children = (
				8109356D2059BA5B00A95B30 /* LoginViewController.swift */,
				8109356F2059BA7600A95B30 /* CreateAccountViewController.swift */,
				810935C8205C452A00A95B30 /* ConfirmAccountViewController.swift */,
				810935CA205C454000A95B30 /* ForgotPasswordViewController.swift */,
				810935CC205C454E00A95B30 /* ConfirmForgotPasswordViewController.swift */,
				810935D7206010F600A95B30 /* AuthNavigationController.swift */,
			);
			path = Auth;
			sourceTree = "<group>";
		};
		810935CE205C45B700A95B30 /* Auth */ = {
			isa = PBXGroup;
			children = (
				810935CF205C45D200A95B30 /* ConfirmAccountView.swift */,
				810935D1205C45E000A95B30 /* ForgotPasswordView.swift */,
				810935D3205C45F000A95B30 /* ConfirmForgotPasswordView.swift */,
			);
			path = Auth;
			sourceTree = "<group>";
		};
		81817A342064BAA000CA7044 /* Onboarding */ = {
			isa = PBXGroup;
			children = (
				81817A372064BADE00CA7044 /* OnboardingLoginViewController.swift */,
			);
			path = Onboarding;
			sourceTree = "<group>";
		};
		81817A392064CAAE00CA7044 /* SearchVCs */ = {
			isa = PBXGroup;
			children = (
				810935792059BBD300A95B30 /* SearchViewController.swift */,
				81CA1BE2206442C100EF7B8E /* TopViewController.swift */,
				81CA1BE62064432600EF7B8E /* PeopleViewController.swift */,
				81CA1BE82064435600EF7B8E /* JourneyViewController.swift */,
			);
			path = SearchVCs;
			sourceTree = "<group>";
		};
		81817A4520658C8400CA7044 /* HashTags+Mentions+ShortUrls */ = {
			isa = PBXGroup;
			children = (
				81817A3C20655FE600CA7044 /* ActiveBuilder.swift */,
				81817A3A20655FE600CA7044 /* ActiveLabel.h */,
				81817A3D20655FE600CA7044 /* ActiveLabel.swift */,
				81817A3E20655FE700CA7044 /* ActiveType.swift */,
				81817A3F20655FE700CA7044 /* RegexParser.swift */,
				81817A3B20655FE600CA7044 /* StringTrimExtension.swift */,
			);
			path = "HashTags+Mentions+ShortUrls";
			sourceTree = "<group>";
		};
		81AB8A94205AD2CB00A98AFB /* Custom Cells */ = {
			isa = PBXGroup;
			children = (
				81AB8A95205AD42900A98AFB /* ProfileTableViewCell.swift */,
				81AB8AC8205AFC7A00A98AFB /* DiscoverCollectionViewCell.swift */,
				81AB8AC9205AFC7A00A98AFB /* DiscoverCollectionViewCell.xib */,
				8134CEFD205B72E000A146B1 /* HomeFeedCollectionViewCell.swift */,
				8134CF01205C4A4F00A146B1 /* HomeFeedCollectionViewCell.xib */,
				F4D34A79205C482C00F4D50D /* ActivityCollectionViewCell.swift */,
				81C1F8722060AC240037BF42 /* JourneyTableViewCell.swift */,
				81C1F8752060AC240037BF42 /* JourneyTableViewCell.xib */,
				81C1F8732060AC240037BF42 /* MozaikCollectionViewCell.swift */,
				81C1F8742060AC240037BF42 /* MozaikCollectionViewCell.xib */,
			);
			path = "Custom Cells";
			sourceTree = "<group>";
		};
		81AB8A99205AF62600A98AFB /* DiscoveryVCCore */ = {
			isa = PBXGroup;
			children = (
				81AB8AC0205AFAF500A98AFB /* Animator */,
				81AB8ABE205AFA7C00A98AFB /* DB.swift */,
				81AB8A9A205AF64800A98AFB /* Constants.swift */,
				81AB8AB5205AF8CE00A98AFB /* Layout */,
				81AB8A9C205AF66F00A98AFB /* Extensions */,
			);
			path = DiscoveryVCCore;
			sourceTree = "<group>";
		};
		81AB8A9C205AF66F00A98AFB /* Extensions */ = {
			isa = PBXGroup;
			children = (
				81AB8AA9205AF6BE00A98AFB /* Array+Extensions.swift */,
				81AB8AAB205AF6F600A98AFB /* CALayer+Extensions.swift */,
				81AB8AAD205AF72A00A98AFB /* UICollectionView+Extensions.swift */,
				81AB8AAF205AF75D00A98AFB /* UIViewController+Extensions.swift */,
				81AB8AB1205AF77C00A98AFB /* UISearchBar+Extensions.swift */,
				81AB8AB3205AF7AB00A98AFB /* UINavigationBar+Extensions.swift */,
			);
			path = Extensions;
			sourceTree = "<group>";
		};
		81AB8AB5205AF8CE00A98AFB /* Layout */ = {
			isa = PBXGroup;
			children = (
				81AB8AB6205AF8EA00A98AFB /* GridViewProtocol.swift */,
				81AB8AB8205AF99100A98AFB /* CollectionViewLayout.swift */,
				81AB8ABA205AF9DD00A98AFB /* Column.swift */,
				81AB8ABC205AFA1000A98AFB /* ColumnContainer.swift */,
			);
			path = Layout;
			sourceTree = "<group>";
		};
		81AB8AC0205AFAF500A98AFB /* Animator */ = {
			isa = PBXGroup;
			children = (
				81AB8AC1205AFB0500A98AFB /* Animator.swift */,
				81AB8AC3205AFB4200A98AFB /* AnimateDiscoverToDetailVC.swift */,
			);
			path = Animator;
			sourceTree = "<group>";
		};
		81AB8AC5205AFB9000A98AFB /* Discovery */ = {
			isa = PBXGroup;
			children = (
				81AB8AC6205AFBD700A98AFB /* DiscoveryViewController.swift */,
				81AB8ACC205AFD8C00A98AFB /* DetailViewController.swift */,
				81AB8ACE205AFDBF00A98AFB /* DetailNavigationViewController.swift */,
				81C279CE20616D3900DB1825 /* DiscoveryNavViewController.swift */,
			);
			path = Discovery;
			sourceTree = "<group>";
		};
		81C1F8712060ABBA0037BF42 /* Segmentio Builder */ = {
			isa = PBXGroup;
			children = (
				81C1F86B2060ABAE0037BF42 /* SegmentioBuilder.swift */,
				81C1F86C2060ABAE0037BF42 /* ColorPalette.swift */,
				81C1F86A2060ABAD0037BF42 /* UIColor+RGB.swift */,
				81C1F8692060ABAD0037BF42 /* UIFont+ExampleFonts.swift */,
			);
			path = "Segmentio Builder";
			sourceTree = "<group>";
		};
		81C9EE082058795200C27016 = {
			isa = PBXGroup;
			children = (
				81C9EE132058795200C27016 /* Phase */,
				81C9EE282058795300C27016 /* PhaseTests */,
				81C9EE332058795300C27016 /* PhaseUITests */,
				81C9EE122058795200C27016 /* Products */,
				EB49043DDF2017CF81237AA4 /* Pods */,
				655AA8EED176FDEA29B2AF79 /* Frameworks */,
			);
			sourceTree = "<group>";
		};
		81C9EE122058795200C27016 /* Products */ = {
			isa = PBXGroup;
			children = (
				81C9EE112058795200C27016 /* Phase.app */,
				81C9EE252058795300C27016 /* PhaseTests.xctest */,
				81C9EE302058795300C27016 /* PhaseUITests.xctest */,
			);
			name = Products;
			sourceTree = "<group>";
		};
		81C9EE132058795200C27016 /* Phase */ = {
			isa = PBXGroup;
			children = (
				81817A4520658C8400CA7044 /* HashTags+Mentions+ShortUrls */,
				81C1F8712060ABBA0037BF42 /* Segmentio Builder */,
				81CFD3EE2058817900DDD630 /* Models */,
				81CFD3EF2058818A00DDD630 /* Views */,
				81AB8A94205AD2CB00A98AFB /* Custom Cells */,
				81CFD3F02058819700DDD630 /* ViewControllers */,
				81CFD3F2205881C200DDD630 /* Storyboards */,
				81CFD3F1205881B000DDD630 /* SupportingFiles */,
			);
			path = Phase;
			sourceTree = "<group>";
		};
		81C9EE282058795300C27016 /* PhaseTests */ = {
			isa = PBXGroup;
			children = (
				81C9EE292058795300C27016 /* PhaseTests.swift */,
				81C9EE2B2058795300C27016 /* Info.plist */,
			);
			path = PhaseTests;
			sourceTree = "<group>";
		};
		81C9EE332058795300C27016 /* PhaseUITests */ = {
			isa = PBXGroup;
			children = (
				81C9EE342058795300C27016 /* PhaseUITests.swift */,
				81C9EE362058795300C27016 /* Info.plist */,
			);
			path = PhaseUITests;
			sourceTree = "<group>";
		};
		81CFD3EE2058817900DDD630 /* Models */ = {
			isa = PBXGroup;
			children = (
				81CA1BCC206423F600EF7B8E /* CacheService.swift */,
				81CFD3F52058824700DDD630 /* Models.swift */,
				810935D92061503800A95B30 /* CognitoConstants.swift */,
				81AB8A99205AF62600A98AFB /* DiscoveryVCCore */,
				F48DA6BC20588ACD006E4FFC /* User.swift */,
				F48DA6BE20588F17006E4FFC /* Post.swift */,
				F48DA6C020589024006E4FFC /* Comment.swift */,
				81CA1BCA206356A900EF7B8E /* Date+TimeAgoDisplay.swift */,
			);
			path = Models;
			sourceTree = "<group>";
		};
		81CFD3EF2058818A00DDD630 /* Views */ = {
			isa = PBXGroup;
			children = (
				8134CF0520615EE700A146B1 /* LoginView.swift */,
				8134CF0720615EF200A146B1 /* CreateAccountView.swift */,
				810935CE205C45B700A95B30 /* Auth */,
				81DD11C12061BC8A00A9AD1A /* CameraView.swift */,
				81C279D6206193E200DB1825 /* CapturedImageView.swift */,
				810935832059BCDD00A95B30 /* ActivityView.swift */,
				810935852059BCE800A95B30 /* FollowsView.swift */,
				810935872059BD2400A95B30 /* EditProfileView.swift */,
				810935892059BD5800A95B30 /* SearchView.swift */,
				8109358B2059BD6500A95B30 /* CreateNewPostView.swift */,
				8791DFDA2060171F00337CA3 /* FollowersView.swift */,
			);
			path = Views;
			sourceTree = "<group>";
		};
		81CFD3F02058819700DDD630 /* ViewControllers */ = {
			isa = PBXGroup;
			children = (
				81817A342064BAA000CA7044 /* Onboarding */,
				81AB8AC5205AFB9000A98AFB /* Discovery */,
				81AB8A97205AEE3B00A98AFB /* TabsViewController.swift */,
				81DC9F012058B210005F2724 /* ProfileViewController.swift */,
				810935C7205C436300A95B30 /* Auth */,
				81C279D02061933300DB1825 /* CameraViewController.swift */,
				810935712059BA8400A95B30 /* HomeViewController.swift */,
				810935732059BAAC00A95B30 /* ActivityViewController.swift */,
				810935752059BB0D00A95B30 /* FollowsViewController.swift */,
				810935772059BB9200A95B30 /* EditProfileViewController.swift */,
				8109357B2059BBF600A95B30 /* CreateNewPostViewController.swift */,
				81DD11BD2061BC4100A9AD1A /* CameraPreviewViewController.swift */,
				8791270A206341BC00888326 /* ActivityCarouselViewController.swift */,
				81817A392064CAAE00CA7044 /* SearchVCs */,
			);
			path = ViewControllers;
			sourceTree = "<group>";
		};
		81CFD3F1205881B000DDD630 /* SupportingFiles */ = {
			isa = PBXGroup;
			children = (
				81C9EE142058795200C27016 /* AppDelegate.swift */,
				81C9EE1B2058795200C27016 /* Assets.xcassets */,
				810935D520600D6600A95B30 /* awsconfiguration.json */,
				81C9EE202058795200C27016 /* Info.plist */,
			);
			path = SupportingFiles;
			sourceTree = "<group>";
		};
		81CFD3F2205881C200DDD630 /* Storyboards */ = {
			isa = PBXGroup;
			children = (
				81C9EE1D2058795200C27016 /* LaunchScreen.storyboard */,
				8134CEFF205C47EB00A146B1 /* HomeFeed.storyboard */,
				81C1F87B2060AC410037BF42 /* Discover.storyboard */,
				81C1F87A2060AC410037BF42 /* DiscoverDetail.storyboard */,
				81C1F87C2060AC410037BF42 /* Main.storyboard */,
				81C279DB2061F74B00DB1825 /* Login.storyboard */,
				81CA1BE4206442E600EF7B8E /* SearchVCs.storyboard */,
			);
			path = Storyboards;
			sourceTree = "<group>";
		};
		EB49043DDF2017CF81237AA4 /* Pods */ = {
			isa = PBXGroup;
			children = (
				605B3EA013314F78CA5F88DA /* Pods-Phase.debug.xcconfig */,
				FB898E9F3A3E362DE3BD876E /* Pods-Phase.release.xcconfig */,
				9E534A5BA8A8AA1BD6106D54 /* Pods-PhaseTests.debug.xcconfig */,
				DEE8D0B9C3C33D7DFA205C39 /* Pods-PhaseTests.release.xcconfig */,
				B9EA73BB8347138AE4D02088 /* Pods-PhaseUITests.debug.xcconfig */,
				CDBD6CF13FB8FF84C3DB0F83 /* Pods-PhaseUITests.release.xcconfig */,
			);
			name = Pods;
			sourceTree = "<group>";
		};
/* End PBXGroup section */

/* Begin PBXNativeTarget section */
		81C9EE102058795200C27016 /* Phase */ = {
			isa = PBXNativeTarget;
			buildConfigurationList = 81C9EE392058795300C27016 /* Build configuration list for PBXNativeTarget "Phase" */;
			buildPhases = (
				E065F8C62D23509F1E9B81FE /* [CP] Check Pods Manifest.lock */,
				81C9EE0D2058795200C27016 /* Sources */,
				81C9EE0E2058795200C27016 /* Frameworks */,
				81C9EE0F2058795200C27016 /* Resources */,
				9C291EC493CE526B2D9D9BFE /* [CP] Embed Pods Frameworks */,
				CA6A4CE7E695ABE5914DF746 /* [CP] Copy Pods Resources */,
			);
			buildRules = (
			);
			dependencies = (
			);
			name = Phase;
			productName = Phase;
			productReference = 81C9EE112058795200C27016 /* Phase.app */;
			productType = "com.apple.product-type.application";
		};
		81C9EE242058795300C27016 /* PhaseTests */ = {
			isa = PBXNativeTarget;
			buildConfigurationList = 81C9EE3C2058795300C27016 /* Build configuration list for PBXNativeTarget "PhaseTests" */;
			buildPhases = (
				919DC33C3525A6503284068B /* [CP] Check Pods Manifest.lock */,
				81C9EE212058795300C27016 /* Sources */,
				81C9EE222058795300C27016 /* Frameworks */,
				81C9EE232058795300C27016 /* Resources */,
				F1617C52286DE87C6CBA7D02 /* [CP] Embed Pods Frameworks */,
				547882DE04AFA2A2A70D1450 /* [CP] Copy Pods Resources */,
			);
			buildRules = (
			);
			dependencies = (
				81C9EE272058795300C27016 /* PBXTargetDependency */,
			);
			name = PhaseTests;
			productName = PhaseTests;
			productReference = 81C9EE252058795300C27016 /* PhaseTests.xctest */;
			productType = "com.apple.product-type.bundle.unit-test";
		};
		81C9EE2F2058795300C27016 /* PhaseUITests */ = {
			isa = PBXNativeTarget;
			buildConfigurationList = 81C9EE3F2058795300C27016 /* Build configuration list for PBXNativeTarget "PhaseUITests" */;
			buildPhases = (
				1FB4F5B0116AFB82A285F70D /* [CP] Check Pods Manifest.lock */,
				81C9EE2C2058795300C27016 /* Sources */,
				81C9EE2D2058795300C27016 /* Frameworks */,
				81C9EE2E2058795300C27016 /* Resources */,
				61327438EBC10EB25E17B89A /* [CP] Embed Pods Frameworks */,
				DA399D46326ECAA9A6D4B4DA /* [CP] Copy Pods Resources */,
			);
			buildRules = (
			);
			dependencies = (
				81C9EE322058795300C27016 /* PBXTargetDependency */,
			);
			name = PhaseUITests;
			productName = PhaseUITests;
			productReference = 81C9EE302058795300C27016 /* PhaseUITests.xctest */;
			productType = "com.apple.product-type.bundle.ui-testing";
		};
/* End PBXNativeTarget section */

/* Begin PBXProject section */
		81C9EE092058795200C27016 /* Project object */ = {
			isa = PBXProject;
			attributes = {
				LastSwiftUpdateCheck = 0920;
				LastUpgradeCheck = 0920;
				ORGANIZATIONNAME = "Reiaz Gafar";
				TargetAttributes = {
					81C9EE102058795200C27016 = {
						CreatedOnToolsVersion = 9.2;
						ProvisioningStyle = Automatic;
					};
					81C9EE242058795300C27016 = {
						CreatedOnToolsVersion = 9.2;
						ProvisioningStyle = Automatic;
						TestTargetID = 81C9EE102058795200C27016;
					};
					81C9EE2F2058795300C27016 = {
						CreatedOnToolsVersion = 9.2;
						ProvisioningStyle = Automatic;
						TestTargetID = 81C9EE102058795200C27016;
					};
				};
			};
			buildConfigurationList = 81C9EE0C2058795200C27016 /* Build configuration list for PBXProject "Phase" */;
			compatibilityVersion = "Xcode 8.0";
			developmentRegion = en;
			hasScannedForEncodings = 0;
			knownRegions = (
				en,
				Base,
			);
			mainGroup = 81C9EE082058795200C27016;
			productRefGroup = 81C9EE122058795200C27016 /* Products */;
			projectDirPath = "";
			projectRoot = "";
			targets = (
				81C9EE102058795200C27016 /* Phase */,
				81C9EE242058795300C27016 /* PhaseTests */,
				81C9EE2F2058795300C27016 /* PhaseUITests */,
			);
		};
/* End PBXProject section */

/* Begin PBXResourcesBuildPhase section */
		81C9EE0F2058795200C27016 /* Resources */ = {
			isa = PBXResourcesBuildPhase;
			buildActionMask = 2147483647;
			files = (
				810935D620600D6600A95B30 /* awsconfiguration.json in Resources */,
				81C1F87E2060AC410037BF42 /* Discover.storyboard in Resources */,
				81C9EE1F2058795200C27016 /* LaunchScreen.storyboard in Resources */,
				81AB8ACB205AFC7A00A98AFB /* DiscoverCollectionViewCell.xib in Resources */,
				8134CF02205C4A4F00A146B1 /* HomeFeedCollectionViewCell.xib in Resources */,
				81C9EE1C2058795200C27016 /* Assets.xcassets in Resources */,
				8134CF00205C47EB00A146B1 /* HomeFeed.storyboard in Resources */,
				81C1F8792060AC240037BF42 /* JourneyTableViewCell.xib in Resources */,
				81C1F87D2060AC410037BF42 /* DiscoverDetail.storyboard in Resources */,
				81C1F87F2060AC410037BF42 /* Main.storyboard in Resources */,
				81C9EE1C2058795200C27016 /* Assets.xcassets in Resources */,
				81CA1BE5206442E600EF7B8E /* SearchVCs.storyboard in Resources */,
				81C1F8782060AC240037BF42 /* MozaikCollectionViewCell.xib in Resources */,
				81C279DC2061F74B00DB1825 /* Login.storyboard in Resources */,
			);
			runOnlyForDeploymentPostprocessing = 0;
		};
		81C9EE232058795300C27016 /* Resources */ = {
			isa = PBXResourcesBuildPhase;
			buildActionMask = 2147483647;
			files = (
			);
			runOnlyForDeploymentPostprocessing = 0;
		};
		81C9EE2E2058795300C27016 /* Resources */ = {
			isa = PBXResourcesBuildPhase;
			buildActionMask = 2147483647;
			files = (
			);
			runOnlyForDeploymentPostprocessing = 0;
		};
/* End PBXResourcesBuildPhase section */

/* Begin PBXShellScriptBuildPhase section */
		1FB4F5B0116AFB82A285F70D /* [CP] Check Pods Manifest.lock */ = {
			isa = PBXShellScriptBuildPhase;
			buildActionMask = 2147483647;
			files = (
			);
			inputPaths = (
				"${PODS_PODFILE_DIR_PATH}/Podfile.lock",
				"${PODS_ROOT}/Manifest.lock",
			);
			name = "[CP] Check Pods Manifest.lock";
			outputPaths = (
				"$(DERIVED_FILE_DIR)/Pods-PhaseUITests-checkManifestLockResult.txt",
			);
			runOnlyForDeploymentPostprocessing = 0;
			shellPath = /bin/sh;
			shellScript = "diff \"${PODS_PODFILE_DIR_PATH}/Podfile.lock\" \"${PODS_ROOT}/Manifest.lock\" > /dev/null\nif [ $? != 0 ] ; then\n    # print error to STDERR\n    echo \"error: The sandbox is not in sync with the Podfile.lock. Run 'pod install' or update your CocoaPods installation.\" >&2\n    exit 1\nfi\n# This output is used by Xcode 'outputs' to avoid re-running this script phase.\necho \"SUCCESS\" > \"${SCRIPT_OUTPUT_FILE_0}\"\n";
			showEnvVarsInLog = 0;
		};
		547882DE04AFA2A2A70D1450 /* [CP] Copy Pods Resources */ = {
			isa = PBXShellScriptBuildPhase;
			buildActionMask = 2147483647;
			files = (
			);
			inputPaths = (
			);
			name = "[CP] Copy Pods Resources";
			outputPaths = (
			);
			runOnlyForDeploymentPostprocessing = 0;
			shellPath = /bin/sh;
			shellScript = "\"${SRCROOT}/Pods/Target Support Files/Pods-PhaseTests/Pods-PhaseTests-resources.sh\"\n";
			showEnvVarsInLog = 0;
		};
		61327438EBC10EB25E17B89A /* [CP] Embed Pods Frameworks */ = {
			isa = PBXShellScriptBuildPhase;
			buildActionMask = 2147483647;
			files = (
			);
			inputPaths = (
			);
			name = "[CP] Embed Pods Frameworks";
			outputPaths = (
			);
			runOnlyForDeploymentPostprocessing = 0;
			shellPath = /bin/sh;
			shellScript = "\"${SRCROOT}/Pods/Target Support Files/Pods-PhaseUITests/Pods-PhaseUITests-frameworks.sh\"\n";
			showEnvVarsInLog = 0;
		};
		919DC33C3525A6503284068B /* [CP] Check Pods Manifest.lock */ = {
			isa = PBXShellScriptBuildPhase;
			buildActionMask = 2147483647;
			files = (
			);
			inputPaths = (
				"${PODS_PODFILE_DIR_PATH}/Podfile.lock",
				"${PODS_ROOT}/Manifest.lock",
			);
			name = "[CP] Check Pods Manifest.lock";
			outputPaths = (
				"$(DERIVED_FILE_DIR)/Pods-PhaseTests-checkManifestLockResult.txt",
			);
			runOnlyForDeploymentPostprocessing = 0;
			shellPath = /bin/sh;
			shellScript = "diff \"${PODS_PODFILE_DIR_PATH}/Podfile.lock\" \"${PODS_ROOT}/Manifest.lock\" > /dev/null\nif [ $? != 0 ] ; then\n    # print error to STDERR\n    echo \"error: The sandbox is not in sync with the Podfile.lock. Run 'pod install' or update your CocoaPods installation.\" >&2\n    exit 1\nfi\n# This output is used by Xcode 'outputs' to avoid re-running this script phase.\necho \"SUCCESS\" > \"${SCRIPT_OUTPUT_FILE_0}\"\n";
			showEnvVarsInLog = 0;
		};
		9C291EC493CE526B2D9D9BFE /* [CP] Embed Pods Frameworks */ = {
			isa = PBXShellScriptBuildPhase;
			buildActionMask = 2147483647;
			files = (
			);
			inputPaths = (
				"${SRCROOT}/Pods/Target Support Files/Pods-Phase/Pods-Phase-frameworks.sh",
				"${BUILT_PRODUCTS_DIR}/ADMozaicCollectionViewLayout/ADMozaicCollectionViewLayout.framework",
				"${BUILT_PRODUCTS_DIR}/AMPopTip/AMPopTip.framework",
				"${BUILT_PRODUCTS_DIR}/AWSAuthCore/AWSAuthCore.framework",
				"${BUILT_PRODUCTS_DIR}/AWSCognitoAuth/AWSCognitoAuth.framework",
				"${BUILT_PRODUCTS_DIR}/AWSCognitoIdentityProvider/AWSCognitoIdentityProvider.framework",
				"${BUILT_PRODUCTS_DIR}/AWSCognitoIdentityProviderASF/AWSCognitoIdentityProviderASF.framework",
				"${BUILT_PRODUCTS_DIR}/AWSCore/AWSCore.framework",
				"${BUILT_PRODUCTS_DIR}/AWSDynamoDB/AWSDynamoDB.framework",
				"${BUILT_PRODUCTS_DIR}/AWSMobileClient/AWSMobileClient.framework",
				"${BUILT_PRODUCTS_DIR}/AWSUserPoolsSignIn/AWSUserPoolsSignIn.framework",
				"${BUILT_PRODUCTS_DIR}/BetterSegmentedControl/BetterSegmentedControl.framework",
				"${BUILT_PRODUCTS_DIR}/DGElasticPullToRefresh/DGElasticPullToRefresh.framework",
				"${BUILT_PRODUCTS_DIR}/Material/Material.framework",
				"${BUILT_PRODUCTS_DIR}/Motion/Motion.framework",
				"${BUILT_PRODUCTS_DIR}/PageMenu/PageMenu.framework",
				"${BUILT_PRODUCTS_DIR}/Segmentio/Segmentio.framework",
				"${BUILT_PRODUCTS_DIR}/SkyFloatingLabelTextField/SkyFloatingLabelTextField.framework",
				"${BUILT_PRODUCTS_DIR}/SnapKit/SnapKit.framework",
			);
			name = "[CP] Embed Pods Frameworks";
			outputPaths = (
				"${TARGET_BUILD_DIR}/${FRAMEWORKS_FOLDER_PATH}/ADMozaicCollectionViewLayout.framework",
				"${TARGET_BUILD_DIR}/${FRAMEWORKS_FOLDER_PATH}/AMPopTip.framework",
				"${TARGET_BUILD_DIR}/${FRAMEWORKS_FOLDER_PATH}/AWSAuthCore.framework",
				"${TARGET_BUILD_DIR}/${FRAMEWORKS_FOLDER_PATH}/AWSCognitoAuth.framework",
				"${TARGET_BUILD_DIR}/${FRAMEWORKS_FOLDER_PATH}/AWSCognitoIdentityProvider.framework",
				"${TARGET_BUILD_DIR}/${FRAMEWORKS_FOLDER_PATH}/AWSCognitoIdentityProviderASF.framework",
				"${TARGET_BUILD_DIR}/${FRAMEWORKS_FOLDER_PATH}/AWSCore.framework",
				"${TARGET_BUILD_DIR}/${FRAMEWORKS_FOLDER_PATH}/AWSDynamoDB.framework",
				"${TARGET_BUILD_DIR}/${FRAMEWORKS_FOLDER_PATH}/AWSMobileClient.framework",
				"${TARGET_BUILD_DIR}/${FRAMEWORKS_FOLDER_PATH}/AWSUserPoolsSignIn.framework",
				"${TARGET_BUILD_DIR}/${FRAMEWORKS_FOLDER_PATH}/BetterSegmentedControl.framework",
				"${TARGET_BUILD_DIR}/${FRAMEWORKS_FOLDER_PATH}/DGElasticPullToRefresh.framework",
				"${TARGET_BUILD_DIR}/${FRAMEWORKS_FOLDER_PATH}/Material.framework",
				"${TARGET_BUILD_DIR}/${FRAMEWORKS_FOLDER_PATH}/Motion.framework",
				"${TARGET_BUILD_DIR}/${FRAMEWORKS_FOLDER_PATH}/PageMenu.framework",
				"${TARGET_BUILD_DIR}/${FRAMEWORKS_FOLDER_PATH}/Segmentio.framework",
				"${TARGET_BUILD_DIR}/${FRAMEWORKS_FOLDER_PATH}/SkyFloatingLabelTextField.framework",
				"${TARGET_BUILD_DIR}/${FRAMEWORKS_FOLDER_PATH}/SnapKit.framework",
			);
			runOnlyForDeploymentPostprocessing = 0;
			shellPath = /bin/sh;
			shellScript = "\"${SRCROOT}/Pods/Target Support Files/Pods-Phase/Pods-Phase-frameworks.sh\"\n";
			showEnvVarsInLog = 0;
		};
		CA6A4CE7E695ABE5914DF746 /* [CP] Copy Pods Resources */ = {
			isa = PBXShellScriptBuildPhase;
			buildActionMask = 2147483647;
			files = (
			);
			inputPaths = (
			);
			name = "[CP] Copy Pods Resources";
			outputPaths = (
			);
			runOnlyForDeploymentPostprocessing = 0;
			shellPath = /bin/sh;
			shellScript = "\"${SRCROOT}/Pods/Target Support Files/Pods-Phase/Pods-Phase-resources.sh\"\n";
			showEnvVarsInLog = 0;
		};
		DA399D46326ECAA9A6D4B4DA /* [CP] Copy Pods Resources */ = {
			isa = PBXShellScriptBuildPhase;
			buildActionMask = 2147483647;
			files = (
			);
			inputPaths = (
			);
			name = "[CP] Copy Pods Resources";
			outputPaths = (
			);
			runOnlyForDeploymentPostprocessing = 0;
			shellPath = /bin/sh;
			shellScript = "\"${SRCROOT}/Pods/Target Support Files/Pods-PhaseUITests/Pods-PhaseUITests-resources.sh\"\n";
			showEnvVarsInLog = 0;
		};
		E065F8C62D23509F1E9B81FE /* [CP] Check Pods Manifest.lock */ = {
			isa = PBXShellScriptBuildPhase;
			buildActionMask = 2147483647;
			files = (
			);
			inputPaths = (
				"${PODS_PODFILE_DIR_PATH}/Podfile.lock",
				"${PODS_ROOT}/Manifest.lock",
			);
			name = "[CP] Check Pods Manifest.lock";
			outputPaths = (
				"$(DERIVED_FILE_DIR)/Pods-Phase-checkManifestLockResult.txt",
			);
			runOnlyForDeploymentPostprocessing = 0;
			shellPath = /bin/sh;
			shellScript = "diff \"${PODS_PODFILE_DIR_PATH}/Podfile.lock\" \"${PODS_ROOT}/Manifest.lock\" > /dev/null\nif [ $? != 0 ] ; then\n    # print error to STDERR\n    echo \"error: The sandbox is not in sync with the Podfile.lock. Run 'pod install' or update your CocoaPods installation.\" >&2\n    exit 1\nfi\n# This output is used by Xcode 'outputs' to avoid re-running this script phase.\necho \"SUCCESS\" > \"${SCRIPT_OUTPUT_FILE_0}\"\n";
			showEnvVarsInLog = 0;
		};
		F1617C52286DE87C6CBA7D02 /* [CP] Embed Pods Frameworks */ = {
			isa = PBXShellScriptBuildPhase;
			buildActionMask = 2147483647;
			files = (
			);
			inputPaths = (
			);
			name = "[CP] Embed Pods Frameworks";
			outputPaths = (
			);
			runOnlyForDeploymentPostprocessing = 0;
			shellPath = /bin/sh;
			shellScript = "\"${SRCROOT}/Pods/Target Support Files/Pods-PhaseTests/Pods-PhaseTests-frameworks.sh\"\n";
			showEnvVarsInLog = 0;
		};
/* End PBXShellScriptBuildPhase section */

/* Begin PBXSourcesBuildPhase section */
		81C9EE0D2058795200C27016 /* Sources */ = {
			isa = PBXSourcesBuildPhase;
			buildActionMask = 2147483647;
			files = (
				8180F5A320634CF100859650 /* CameraView.swift in Sources */,
				81817A382064BADE00CA7044 /* OnboardingLoginViewController.swift in Sources */,
				8109357C2059BBF600A95B30 /* CreateNewPostViewController.swift in Sources */,
				81C279DA206193ED00DB1825 /* CreateNewPostView.swift in Sources */,
				81817A4020655FE700CA7044 /* StringTrimExtension.swift in Sources */,
				81AB8AAE205AF72A00A98AFB /* UICollectionView+Extensions.swift in Sources */,
				81AB8A9B205AF64800A98AFB /* Constants.swift in Sources */,
				810935882059BD2400A95B30 /* EditProfileView.swift in Sources */,
				81AB8AB7205AF8EA00A98AFB /* GridViewProtocol.swift in Sources */,
				81AB8A96205AD42900A98AFB /* ProfileTableViewCell.swift in Sources */,
				8134CEFE205B72E000A146B1 /* HomeFeedCollectionViewCell.swift in Sources */,
				81AB8AB9205AF99100A98AFB /* CollectionViewLayout.swift in Sources */,
				81CA1BCD206423F600EF7B8E /* CacheService.swift in Sources */,
				8109358A2059BD5800A95B30 /* SearchView.swift in Sources */,
				810935CB205C454000A95B30 /* ForgotPasswordViewController.swift in Sources */,
				810935862059BCE800A95B30 /* FollowsView.swift in Sources */,
				81C1F8772060AC240037BF42 /* MozaikCollectionViewCell.swift in Sources */,
				81C1F86D2060ABAE0037BF42 /* UIFont+ExampleFonts.swift in Sources */,
				810935702059BA7600A95B30 /* CreateAccountViewController.swift in Sources */,
				81AB8ACD205AFD8C00A98AFB /* DetailViewController.swift in Sources */,
				81AB8AC7205AFBD700A98AFB /* DiscoveryViewController.swift in Sources */,
				8109357A2059BBD300A95B30 /* SearchViewController.swift in Sources */,
				81817A4220655FE700CA7044 /* ActiveLabel.swift in Sources */,
				81C1F86F2060ABAE0037BF42 /* SegmentioBuilder.swift in Sources */,
				81C1F8762060AC240037BF42 /* JourneyTableViewCell.swift in Sources */,
				81AB8AB2205AF77C00A98AFB /* UISearchBar+Extensions.swift in Sources */,
				8791DFDB2060171F00337CA3 /* FollowersView.swift in Sources */,
				F4D34A7A205C482C00F4D50D /* ActivityCollectionViewCell.swift in Sources */,
				81C1F8702060ABAE0037BF42 /* ColorPalette.swift in Sources */,
				81CA1BCB206356A900EF7B8E /* Date+TimeAgoDisplay.swift in Sources */,
				810935CD205C454E00A95B30 /* ConfirmForgotPasswordViewController.swift in Sources */,
				8791270B206341BC00888326 /* ActivityCarouselViewController.swift in Sources */,
				81AB8AAA205AF6BE00A98AFB /* Array+Extensions.swift in Sources */,
				81AB8ABB205AF9DD00A98AFB /* Column.swift in Sources */,
				810935D4205C45F000A95B30 /* ConfirmForgotPasswordView.swift in Sources */,
				81AB8ABD205AFA1000A98AFB /* ColumnContainer.swift in Sources */,
				81AB8AC4205AFB4200A98AFB /* AnimateDiscoverToDetailVC.swift in Sources */,
				810935D0205C45D200A95B30 /* ConfirmAccountView.swift in Sources */,
				810935762059BB0D00A95B30 /* FollowsViewController.swift in Sources */,
				810935DA2061503800A95B30 /* CognitoConstants.swift in Sources */,
				81AB8AB4205AF7AB00A98AFB /* UINavigationBar+Extensions.swift in Sources */,
				810935842059BCDD00A95B30 /* ActivityView.swift in Sources */,
				810935D8206010F600A95B30 /* AuthNavigationController.swift in Sources */,
				81C9EE152058795200C27016 /* AppDelegate.swift in Sources */,
				81C279CF20616D3900DB1825 /* DiscoveryNavViewController.swift in Sources */,
				81DC9F022058B210005F2724 /* ProfileViewController.swift in Sources */,
				810935742059BAAC00A95B30 /* ActivityViewController.swift in Sources */,
				81CA1BE3206442C100EF7B8E /* TopViewController.swift in Sources */,
				8109356E2059BA5B00A95B30 /* LoginViewController.swift in Sources */,
				81C279D32061933300DB1825 /* CameraViewController.swift in Sources */,
				81817A4420655FE700CA7044 /* RegexParser.swift in Sources */,
				810935722059BA8400A95B30 /* HomeViewController.swift in Sources */,
				81817A4320655FE700CA7044 /* ActiveType.swift in Sources */,
				81AB8AAC205AF6F600A98AFB /* CALayer+Extensions.swift in Sources */,
				81C1F86E2060ABAE0037BF42 /* UIColor+RGB.swift in Sources */,
				81AB8ABF205AFA7C00A98AFB /* DB.swift in Sources */,
				81AB8AC2205AFB0500A98AFB /* Animator.swift in Sources */,
				81DD11BE2061BC4100A9AD1A /* CameraPreviewViewController.swift in Sources */,
				81CA1BE92064435600EF7B8E /* JourneyViewController.swift in Sources */,
				8134CF0820615EF200A146B1 /* CreateAccountView.swift in Sources */,
				81817A4120655FE700CA7044 /* ActiveBuilder.swift in Sources */,
				81C279D8206193E200DB1825 /* CapturedImageView.swift in Sources */,
				81AB8ACF205AFDBF00A98AFB /* DetailNavigationViewController.swift in Sources */,
				810935C9205C452A00A95B30 /* ConfirmAccountViewController.swift in Sources */,
				81AB8ACA205AFC7A00A98AFB /* DiscoverCollectionViewCell.swift in Sources */,
				81AB8A98205AEE3B00A98AFB /* TabsViewController.swift in Sources */,
				8134CF0620615EE700A146B1 /* LoginView.swift in Sources */,
				810935782059BB9200A95B30 /* EditProfileViewController.swift in Sources */,
				81CA1BE72064432600EF7B8E /* PeopleViewController.swift in Sources */,
				F48DA6C120589024006E4FFC /* Comment.swift in Sources */,
				F48DA6BF20588F17006E4FFC /* Post.swift in Sources */,
				F48DA6BD20588ACD006E4FFC /* User.swift in Sources */,
				81CFD3F62058824700DDD630 /* Models.swift in Sources */,
				810935D2205C45E000A95B30 /* ForgotPasswordView.swift in Sources */,
				81AB8AB0205AF75D00A98AFB /* UIViewController+Extensions.swift in Sources */,
			);
			runOnlyForDeploymentPostprocessing = 0;
		};
		81C9EE212058795300C27016 /* Sources */ = {
			isa = PBXSourcesBuildPhase;
			buildActionMask = 2147483647;
			files = (
				81C9EE2A2058795300C27016 /* PhaseTests.swift in Sources */,
			);
			runOnlyForDeploymentPostprocessing = 0;
		};
		81C9EE2C2058795300C27016 /* Sources */ = {
			isa = PBXSourcesBuildPhase;
			buildActionMask = 2147483647;
			files = (
				81C9EE352058795300C27016 /* PhaseUITests.swift in Sources */,
			);
			runOnlyForDeploymentPostprocessing = 0;
		};
/* End PBXSourcesBuildPhase section */

/* Begin PBXTargetDependency section */
		81C9EE272058795300C27016 /* PBXTargetDependency */ = {
			isa = PBXTargetDependency;
			target = 81C9EE102058795200C27016 /* Phase */;
			targetProxy = 81C9EE262058795300C27016 /* PBXContainerItemProxy */;
		};
		81C9EE322058795300C27016 /* PBXTargetDependency */ = {
			isa = PBXTargetDependency;
			target = 81C9EE102058795200C27016 /* Phase */;
			targetProxy = 81C9EE312058795300C27016 /* PBXContainerItemProxy */;
		};
/* End PBXTargetDependency section */

/* Begin PBXVariantGroup section */
		81C9EE1D2058795200C27016 /* LaunchScreen.storyboard */ = {
			isa = PBXVariantGroup;
			children = (
				81C9EE1E2058795200C27016 /* Base */,
			);
			name = LaunchScreen.storyboard;
			sourceTree = "<group>";
		};
/* End PBXVariantGroup section */

/* Begin XCBuildConfiguration section */
		81C9EE372058795300C27016 /* Debug */ = {
			isa = XCBuildConfiguration;
			buildSettings = {
				ALWAYS_SEARCH_USER_PATHS = NO;
				CLANG_ANALYZER_NONNULL = YES;
				CLANG_ANALYZER_NUMBER_OBJECT_CONVERSION = YES_AGGRESSIVE;
				CLANG_CXX_LANGUAGE_STANDARD = "gnu++14";
				CLANG_CXX_LIBRARY = "libc++";
				CLANG_ENABLE_MODULES = YES;
				CLANG_ENABLE_OBJC_ARC = YES;
				CLANG_WARN_BLOCK_CAPTURE_AUTORELEASING = YES;
				CLANG_WARN_BOOL_CONVERSION = YES;
				CLANG_WARN_COMMA = YES;
				CLANG_WARN_CONSTANT_CONVERSION = YES;
				CLANG_WARN_DIRECT_OBJC_ISA_USAGE = YES_ERROR;
				CLANG_WARN_DOCUMENTATION_COMMENTS = YES;
				CLANG_WARN_EMPTY_BODY = YES;
				CLANG_WARN_ENUM_CONVERSION = YES;
				CLANG_WARN_INFINITE_RECURSION = YES;
				CLANG_WARN_INT_CONVERSION = YES;
				CLANG_WARN_NON_LITERAL_NULL_CONVERSION = YES;
				CLANG_WARN_OBJC_LITERAL_CONVERSION = YES;
				CLANG_WARN_OBJC_ROOT_CLASS = YES_ERROR;
				CLANG_WARN_RANGE_LOOP_ANALYSIS = YES;
				CLANG_WARN_STRICT_PROTOTYPES = YES;
				CLANG_WARN_SUSPICIOUS_MOVE = YES;
				CLANG_WARN_UNGUARDED_AVAILABILITY = YES_AGGRESSIVE;
				CLANG_WARN_UNREACHABLE_CODE = YES;
				CLANG_WARN__DUPLICATE_METHOD_MATCH = YES;
				CODE_SIGN_IDENTITY = "iPhone Developer";
				COPY_PHASE_STRIP = NO;
				DEBUG_INFORMATION_FORMAT = dwarf;
				ENABLE_STRICT_OBJC_MSGSEND = YES;
				ENABLE_TESTABILITY = YES;
				GCC_C_LANGUAGE_STANDARD = gnu11;
				GCC_DYNAMIC_NO_PIC = NO;
				GCC_NO_COMMON_BLOCKS = YES;
				GCC_OPTIMIZATION_LEVEL = 0;
				GCC_PREPROCESSOR_DEFINITIONS = (
					"DEBUG=1",
					"$(inherited)",
				);
				GCC_WARN_64_TO_32_BIT_CONVERSION = YES;
				GCC_WARN_ABOUT_RETURN_TYPE = YES_ERROR;
				GCC_WARN_UNDECLARED_SELECTOR = YES;
				GCC_WARN_UNINITIALIZED_AUTOS = YES_AGGRESSIVE;
				GCC_WARN_UNUSED_FUNCTION = YES;
				GCC_WARN_UNUSED_VARIABLE = YES;
				IPHONEOS_DEPLOYMENT_TARGET = 11.2;
				MTL_ENABLE_DEBUG_INFO = YES;
				ONLY_ACTIVE_ARCH = YES;
				SDKROOT = iphoneos;
				SWIFT_ACTIVE_COMPILATION_CONDITIONS = DEBUG;
				SWIFT_OPTIMIZATION_LEVEL = "-Onone";
			};
			name = Debug;
		};
		81C9EE382058795300C27016 /* Release */ = {
			isa = XCBuildConfiguration;
			buildSettings = {
				ALWAYS_SEARCH_USER_PATHS = NO;
				CLANG_ANALYZER_NONNULL = YES;
				CLANG_ANALYZER_NUMBER_OBJECT_CONVERSION = YES_AGGRESSIVE;
				CLANG_CXX_LANGUAGE_STANDARD = "gnu++14";
				CLANG_CXX_LIBRARY = "libc++";
				CLANG_ENABLE_MODULES = YES;
				CLANG_ENABLE_OBJC_ARC = YES;
				CLANG_WARN_BLOCK_CAPTURE_AUTORELEASING = YES;
				CLANG_WARN_BOOL_CONVERSION = YES;
				CLANG_WARN_COMMA = YES;
				CLANG_WARN_CONSTANT_CONVERSION = YES;
				CLANG_WARN_DIRECT_OBJC_ISA_USAGE = YES_ERROR;
				CLANG_WARN_DOCUMENTATION_COMMENTS = YES;
				CLANG_WARN_EMPTY_BODY = YES;
				CLANG_WARN_ENUM_CONVERSION = YES;
				CLANG_WARN_INFINITE_RECURSION = YES;
				CLANG_WARN_INT_CONVERSION = YES;
				CLANG_WARN_NON_LITERAL_NULL_CONVERSION = YES;
				CLANG_WARN_OBJC_LITERAL_CONVERSION = YES;
				CLANG_WARN_OBJC_ROOT_CLASS = YES_ERROR;
				CLANG_WARN_RANGE_LOOP_ANALYSIS = YES;
				CLANG_WARN_STRICT_PROTOTYPES = YES;
				CLANG_WARN_SUSPICIOUS_MOVE = YES;
				CLANG_WARN_UNGUARDED_AVAILABILITY = YES_AGGRESSIVE;
				CLANG_WARN_UNREACHABLE_CODE = YES;
				CLANG_WARN__DUPLICATE_METHOD_MATCH = YES;
				CODE_SIGN_IDENTITY = "iPhone Developer";
				COPY_PHASE_STRIP = NO;
				DEBUG_INFORMATION_FORMAT = "dwarf-with-dsym";
				ENABLE_NS_ASSERTIONS = NO;
				ENABLE_STRICT_OBJC_MSGSEND = YES;
				GCC_C_LANGUAGE_STANDARD = gnu11;
				GCC_NO_COMMON_BLOCKS = YES;
				GCC_WARN_64_TO_32_BIT_CONVERSION = YES;
				GCC_WARN_ABOUT_RETURN_TYPE = YES_ERROR;
				GCC_WARN_UNDECLARED_SELECTOR = YES;
				GCC_WARN_UNINITIALIZED_AUTOS = YES_AGGRESSIVE;
				GCC_WARN_UNUSED_FUNCTION = YES;
				GCC_WARN_UNUSED_VARIABLE = YES;
				IPHONEOS_DEPLOYMENT_TARGET = 11.2;
				MTL_ENABLE_DEBUG_INFO = NO;
				SDKROOT = iphoneos;
				SWIFT_OPTIMIZATION_LEVEL = "-Owholemodule";
				VALIDATE_PRODUCT = YES;
			};
			name = Release;
		};
		81C9EE3A2058795300C27016 /* Debug */ = {
			isa = XCBuildConfiguration;
			baseConfigurationReference = 605B3EA013314F78CA5F88DA /* Pods-Phase.debug.xcconfig */;
			buildSettings = {
				ASSETCATALOG_COMPILER_APPICON_NAME = AppIcon;
				CODE_SIGN_STYLE = Automatic;
				DEVELOPMENT_TEAM = KSNU4DN7MY;
				INFOPLIST_FILE = "$(SRCROOT)/Phase/SupportingFiles/Info.plist";
				IPHONEOS_DEPLOYMENT_TARGET = 11.2;
				LD_RUNPATH_SEARCH_PATHS = "$(inherited) @executable_path/Frameworks";
				PRODUCT_BUNDLE_IDENTIFIER = com.tyzhaoac.Phase;
				PRODUCT_NAME = "$(TARGET_NAME)";
				SWIFT_VERSION = 4.0;
				TARGETED_DEVICE_FAMILY = "1,2";
			};
			name = Debug;
		};
		81C9EE3B2058795300C27016 /* Release */ = {
			isa = XCBuildConfiguration;
			baseConfigurationReference = FB898E9F3A3E362DE3BD876E /* Pods-Phase.release.xcconfig */;
			buildSettings = {
				ASSETCATALOG_COMPILER_APPICON_NAME = AppIcon;
				CODE_SIGN_STYLE = Automatic;
				DEVELOPMENT_TEAM = KSNU4DN7MY;
				INFOPLIST_FILE = "$(SRCROOT)/Phase/SupportingFiles/Info.plist";
				IPHONEOS_DEPLOYMENT_TARGET = 11.2;
				LD_RUNPATH_SEARCH_PATHS = "$(inherited) @executable_path/Frameworks";
				PRODUCT_BUNDLE_IDENTIFIER = com.tyzhaoac.Phase;
				PRODUCT_NAME = "$(TARGET_NAME)";
				SWIFT_VERSION = 4.0;
				TARGETED_DEVICE_FAMILY = "1,2";
			};
			name = Release;
		};
		81C9EE3D2058795300C27016 /* Debug */ = {
			isa = XCBuildConfiguration;
			baseConfigurationReference = 9E534A5BA8A8AA1BD6106D54 /* Pods-PhaseTests.debug.xcconfig */;
			buildSettings = {
				ALWAYS_EMBED_SWIFT_STANDARD_LIBRARIES = YES;
				BUNDLE_LOADER = "$(TEST_HOST)";
				CODE_SIGN_STYLE = Automatic;
				DEVELOPMENT_TEAM = 3V32EPY5YP;
				INFOPLIST_FILE = PhaseTests/Info.plist;
				LD_RUNPATH_SEARCH_PATHS = "$(inherited) @executable_path/Frameworks @loader_path/Frameworks";
				PRODUCT_BUNDLE_IDENTIFIER = com.reiazgafar.PhaseTests;
				PRODUCT_NAME = "$(TARGET_NAME)";
				SWIFT_VERSION = 4.0;
				TARGETED_DEVICE_FAMILY = "1,2";
				TEST_HOST = "$(BUILT_PRODUCTS_DIR)/Phase.app/Phase";
			};
			name = Debug;
		};
		81C9EE3E2058795300C27016 /* Release */ = {
			isa = XCBuildConfiguration;
			baseConfigurationReference = DEE8D0B9C3C33D7DFA205C39 /* Pods-PhaseTests.release.xcconfig */;
			buildSettings = {
				ALWAYS_EMBED_SWIFT_STANDARD_LIBRARIES = YES;
				BUNDLE_LOADER = "$(TEST_HOST)";
				CODE_SIGN_STYLE = Automatic;
				DEVELOPMENT_TEAM = 3V32EPY5YP;
				INFOPLIST_FILE = PhaseTests/Info.plist;
				LD_RUNPATH_SEARCH_PATHS = "$(inherited) @executable_path/Frameworks @loader_path/Frameworks";
				PRODUCT_BUNDLE_IDENTIFIER = com.reiazgafar.PhaseTests;
				PRODUCT_NAME = "$(TARGET_NAME)";
				SWIFT_VERSION = 4.0;
				TARGETED_DEVICE_FAMILY = "1,2";
				TEST_HOST = "$(BUILT_PRODUCTS_DIR)/Phase.app/Phase";
			};
			name = Release;
		};
		81C9EE402058795300C27016 /* Debug */ = {
			isa = XCBuildConfiguration;
			baseConfigurationReference = B9EA73BB8347138AE4D02088 /* Pods-PhaseUITests.debug.xcconfig */;
			buildSettings = {
				ALWAYS_EMBED_SWIFT_STANDARD_LIBRARIES = YES;
				CODE_SIGN_STYLE = Automatic;
				DEVELOPMENT_TEAM = 3V32EPY5YP;
				INFOPLIST_FILE = PhaseUITests/Info.plist;
				LD_RUNPATH_SEARCH_PATHS = "$(inherited) @executable_path/Frameworks @loader_path/Frameworks";
				PRODUCT_BUNDLE_IDENTIFIER = com.reiazgafar.PhaseUITests;
				PRODUCT_NAME = "$(TARGET_NAME)";
				SWIFT_VERSION = 4.0;
				TARGETED_DEVICE_FAMILY = "1,2";
				TEST_TARGET_NAME = Phase;
			};
			name = Debug;
		};
		81C9EE412058795300C27016 /* Release */ = {
			isa = XCBuildConfiguration;
			baseConfigurationReference = CDBD6CF13FB8FF84C3DB0F83 /* Pods-PhaseUITests.release.xcconfig */;
			buildSettings = {
				ALWAYS_EMBED_SWIFT_STANDARD_LIBRARIES = YES;
				CODE_SIGN_STYLE = Automatic;
				DEVELOPMENT_TEAM = 3V32EPY5YP;
				INFOPLIST_FILE = PhaseUITests/Info.plist;
				LD_RUNPATH_SEARCH_PATHS = "$(inherited) @executable_path/Frameworks @loader_path/Frameworks";
				PRODUCT_BUNDLE_IDENTIFIER = com.reiazgafar.PhaseUITests;
				PRODUCT_NAME = "$(TARGET_NAME)";
				SWIFT_VERSION = 4.0;
				TARGETED_DEVICE_FAMILY = "1,2";
				TEST_TARGET_NAME = Phase;
			};
			name = Release;
		};
/* End XCBuildConfiguration section */

/* Begin XCConfigurationList section */
		81C9EE0C2058795200C27016 /* Build configuration list for PBXProject "Phase" */ = {
			isa = XCConfigurationList;
			buildConfigurations = (
				81C9EE372058795300C27016 /* Debug */,
				81C9EE382058795300C27016 /* Release */,
			);
			defaultConfigurationIsVisible = 0;
			defaultConfigurationName = Release;
		};
		81C9EE392058795300C27016 /* Build configuration list for PBXNativeTarget "Phase" */ = {
			isa = XCConfigurationList;
			buildConfigurations = (
				81C9EE3A2058795300C27016 /* Debug */,
				81C9EE3B2058795300C27016 /* Release */,
			);
			defaultConfigurationIsVisible = 0;
			defaultConfigurationName = Release;
		};
		81C9EE3C2058795300C27016 /* Build configuration list for PBXNativeTarget "PhaseTests" */ = {
			isa = XCConfigurationList;
			buildConfigurations = (
				81C9EE3D2058795300C27016 /* Debug */,
				81C9EE3E2058795300C27016 /* Release */,
			);
			defaultConfigurationIsVisible = 0;
			defaultConfigurationName = Release;
		};
		81C9EE3F2058795300C27016 /* Build configuration list for PBXNativeTarget "PhaseUITests" */ = {
			isa = XCConfigurationList;
			buildConfigurations = (
				81C9EE402058795300C27016 /* Debug */,
				81C9EE412058795300C27016 /* Release */,
			);
			defaultConfigurationIsVisible = 0;
			defaultConfigurationName = Release;
		};
/* End XCConfigurationList section */
	};
	rootObject = 81C9EE092058795200C27016 /* Project object */;
}
